// !$*UTF8*$!
{
	archiveVersion = 1;
	classes = {
	};
	objectVersion = 56;
	objects = {

/* Begin PBXBuildFile section */
		0E1A3E902BD4CF0C005CD025 /* Date+Extension.swift in Sources */ = {isa = PBXBuildFile; fileRef = 0E1A3E8F2BD4CF0C005CD025 /* Date+Extension.swift */; };
		0E1A3E922BD4DA45005CD025 /* HKHelper.swift in Sources */ = {isa = PBXBuildFile; fileRef = 0E1A3E912BD4DA45005CD025 /* HKHelper.swift */; };
		0E4A5E2A2BCC9D59003678C2 /* EnergyViewModel.swift in Sources */ = {isa = PBXBuildFile; fileRef = 0E4A5E292BCC9D59003678C2 /* EnergyViewModel.swift */; };
		0E7DCA5E2BC6FF7400B9403C /* ExerciseSet.swift in Sources */ = {isa = PBXBuildFile; fileRef = 0E7DCA5D2BC6FF7400B9403C /* ExerciseSet.swift */; };
		0E8407012BF24B620021787F /* EnergyViewModel.swift in Sources */ = {isa = PBXBuildFile; fileRef = 0E4A5E292BCC9D59003678C2 /* EnergyViewModel.swift */; };
		0E8407022BF24B680021787F /* WaterViewModel.swift in Sources */ = {isa = PBXBuildFile; fileRef = EB4D9C562BCC8B6B0071BA99 /* WaterViewModel.swift */; };
		0E8407032BF24C7E0021787F /* HKHelper.swift in Sources */ = {isa = PBXBuildFile; fileRef = 0E1A3E912BD4DA45005CD025 /* HKHelper.swift */; };
		0E8407042BF24C8C0021787F /* Date+Extension.swift in Sources */ = {isa = PBXBuildFile; fileRef = 0E1A3E8F2BD4CF0C005CD025 /* Date+Extension.swift */; };
		0E8407052BF24C9B0021787F /* WatchConnector.swift in Sources */ = {isa = PBXBuildFile; fileRef = EB2BB03D2BDADD3800C3DA78 /* WatchConnector.swift */; };
		0E8407062BF2569E0021787F /* HealthBaseController.swift in Sources */ = {isa = PBXBuildFile; fileRef = EB4D9C6E2BCDE8310071BA99 /* HealthBaseController.swift */; };
		0E931E352BEF5B6F0091AA03 /* RS+Bundle.swift in Sources */ = {isa = PBXBuildFile; fileRef = 0E931E342BEF5B6F0091AA03 /* RS+Bundle.swift */; };
		0E931E362BEF5BB70091AA03 /* RS+Bundle.swift in Sources */ = {isa = PBXBuildFile; fileRef = 0E931E342BEF5B6F0091AA03 /* RS+Bundle.swift */; };
		0E931E372BEF5BB80091AA03 /* RS+Bundle.swift in Sources */ = {isa = PBXBuildFile; fileRef = 0E931E342BEF5B6F0091AA03 /* RS+Bundle.swift */; };
		0E940A6B2BC6FE0200144477 /* ReadySetApp.swift in Sources */ = {isa = PBXBuildFile; fileRef = 0E940A6A2BC6FE0200144477 /* ReadySetApp.swift */; };
		0E940A6D2BC6FE0200144477 /* MainView.swift in Sources */ = {isa = PBXBuildFile; fileRef = 0E940A6C2BC6FE0200144477 /* MainView.swift */; };
		0E940A722BC6FE0400144477 /* Preview Assets.xcassets in Resources */ = {isa = PBXBuildFile; fileRef = 0E940A712BC6FE0400144477 /* Preview Assets.xcassets */; };
		0E98616A2BCE971F00488D9E /* WaterChartView.swift in Sources */ = {isa = PBXBuildFile; fileRef = 0E9861692BCE971F00488D9E /* WaterChartView.swift */; };
		0EBC76F02BD1CE9A00880FFB /* ExerciseSetEditor.swift in Sources */ = {isa = PBXBuildFile; fileRef = 0EBC76EF2BD1CE9A00880FFB /* ExerciseSetEditor.swift */; };
		EB05155E2BED9EC1005FE6F0 /* DataService.swift in Sources */ = {isa = PBXBuildFile; fileRef = EB05155D2BED9EC1005FE6F0 /* DataService.swift */; };
		EB0515712BEDC5EF005FE6F0 /* EntryType.swift in Sources */ = {isa = PBXBuildFile; fileRef = EB1FDC4F2BD9A0C900253855 /* EntryType.swift */; };
		EB05157A2BF158F0005FE6F0 /* ReadySetWatch-Watch-App-Info.plist in Resources */ = {isa = PBXBuildFile; fileRef = EB0515792BF158F0005FE6F0 /* ReadySetWatch-Watch-App-Info.plist */; };
		EB05157D2BF15C65005FE6F0 /* Bundle+Extension.swift in Sources */ = {isa = PBXBuildFile; fileRef = EB05157C2BF15C65005FE6F0 /* Bundle+Extension.swift */; };
		EB1FDC1B2BD6FCBE00253855 /* ExerciseSetRecordView.swift in Sources */ = {isa = PBXBuildFile; fileRef = EB1FDC1A2BD6FCBE00253855 /* ExerciseSetRecordView.swift */; };
		EB1FDC232BD7053000253855 /* ReadySetWatchApp.swift in Sources */ = {isa = PBXBuildFile; fileRef = EB1FDC222BD7053000253855 /* ReadySetWatchApp.swift */; };
		EB1FDC252BD7053000253855 /* MainWatchView.swift in Sources */ = {isa = PBXBuildFile; fileRef = EB1FDC242BD7053000253855 /* MainWatchView.swift */; };
		EB1FDC2A2BD7053200253855 /* Preview Assets.xcassets in Resources */ = {isa = PBXBuildFile; fileRef = EB1FDC292BD7053200253855 /* Preview Assets.xcassets */; };
		EB1FDC2D2BD7053200253855 /* Ready, Set, Wrist.app in Embed Watch Content */ = {isa = PBXBuildFile; fileRef = EB1FDC202BD7053000253855 /* Ready, Set, Wrist.app */; settings = {ATTRIBUTES = (RemoveHeadersOnCopy, ); }; };
		EB1FDC422BD7495100253855 /* Date+Extension.swift in Sources */ = {isa = PBXBuildFile; fileRef = 0E1A3E8F2BD4CF0C005CD025 /* Date+Extension.swift */; };
		EB1FDC502BD9A0C900253855 /* EntryType.swift in Sources */ = {isa = PBXBuildFile; fileRef = EB1FDC4F2BD9A0C900253855 /* EntryType.swift */; };
		EB1FDC512BD9A0DB00253855 /* EntryType.swift in Sources */ = {isa = PBXBuildFile; fileRef = EB1FDC4F2BD9A0C900253855 /* EntryType.swift */; };
		EB2AC0E62BFABC4F00E0F3EC /* Intents.swift in Sources */ = {isa = PBXBuildFile; fileRef = EB2AC0E52BFABC4F00E0F3EC /* Intents.swift */; };
		EB2BB03E2BDADD3800C3DA78 /* WatchConnector.swift in Sources */ = {isa = PBXBuildFile; fileRef = EB2BB03D2BDADD3800C3DA78 /* WatchConnector.swift */; };
		EB2BB0442BDADDA000C3DA78 /* PhoneConnector.swift in Sources */ = {isa = PBXBuildFile; fileRef = EB2BB0432BDADDA000C3DA78 /* PhoneConnector.swift */; };
		EB2BB0452BDAE00F00C3DA78 /* WatchConnectivity.framework in Frameworks */ = {isa = PBXBuildFile; fileRef = EB2BB0402BDADD5400C3DA78 /* WatchConnectivity.framework */; };
		EB2BB0472BDAF66000C3DA78 /* MainWatchViewModel.swift in Sources */ = {isa = PBXBuildFile; fileRef = EB2BB0462BDAF66000C3DA78 /* MainWatchViewModel.swift */; };
		EB2BB04C2BDB0DDD00C3DA78 /* OnboardingView.swift in Sources */ = {isa = PBXBuildFile; fileRef = EB2BB04B2BDB0DDD00C3DA78 /* OnboardingView.swift */; };
		EB2BB04E2BDB1A0D00C3DA78 /* HomeView.swift in Sources */ = {isa = PBXBuildFile; fileRef = EB2BB04D2BDB1A0D00C3DA78 /* HomeView.swift */; };
		EB2BB0662BDB25A200C3DA78 /* WatchExerciseView.swift in Sources */ = {isa = PBXBuildFile; fileRef = EB2BB0652BDB25A200C3DA78 /* WatchExerciseView.swift */; };
		EB2BB0682BDB263E00C3DA78 /* WatchWaterView.swift in Sources */ = {isa = PBXBuildFile; fileRef = EB2BB0672BDB263E00C3DA78 /* WatchWaterView.swift */; };
		EB2BB06A2BDB26C700C3DA78 /* WatchEnergyView.swift in Sources */ = {isa = PBXBuildFile; fileRef = EB2BB0692BDB26C700C3DA78 /* WatchEnergyView.swift */; };
		EB2BB06E2BDB4C9D00C3DA78 /* CrownRotationAdditionView.swift in Sources */ = {isa = PBXBuildFile; fileRef = EB2BB06D2BDB4C9D00C3DA78 /* CrownRotationAdditionView.swift */; };
		EB2BB0702BDD6B2200C3DA78 /* Flow in Frameworks */ = {isa = PBXBuildFile; productRef = EB2BB06F2BDD6B2200C3DA78 /* Flow */; };
		EB2BB0722BDD822C00C3DA78 /* GaugeView.swift in Sources */ = {isa = PBXBuildFile; fileRef = EB2BB0712BDD822C00C3DA78 /* GaugeView.swift */; };
		EB2BB0742BDDB26200C3DA78 /* SpeedometerGaugeStyle.swift in Sources */ = {isa = PBXBuildFile; fileRef = EB2BB0732BDDB26200C3DA78 /* SpeedometerGaugeStyle.swift */; };
		EB3AB33C2BC70CF5008B6F22 /* HeaderView.swift in Sources */ = {isa = PBXBuildFile; fileRef = EB3AB33A2BC70CF5008B6F22 /* HeaderView.swift */; };
		EB3AB33D2BC70CF5008B6F22 /* HomeView.swift in Sources */ = {isa = PBXBuildFile; fileRef = EB3AB33B2BC70CF5008B6F22 /* HomeView.swift */; };
		EB3AB33F2BC710D1008B6F22 /* NavColumnView.swift in Sources */ = {isa = PBXBuildFile; fileRef = EB3AB33E2BC710D1008B6F22 /* NavColumnView.swift */; };
		EB3AB3412BC71105008B6F22 /* TabItemType.swift in Sources */ = {isa = PBXBuildFile; fileRef = EB3AB3402BC71105008B6F22 /* TabItemType.swift */; };
		EB3AB3442BC711A8008B6F22 /* ITabItem.swift in Sources */ = {isa = PBXBuildFile; fileRef = EB3AB3432BC711A8008B6F22 /* ITabItem.swift */; };
		EB3AB3462BC711FA008B6F22 /* ExerciseTabItem.swift in Sources */ = {isa = PBXBuildFile; fileRef = EB3AB3452BC711FA008B6F22 /* ExerciseTabItem.swift */; };
		EB3AB3482BC71204008B6F22 /* WaterTabItem.swift in Sources */ = {isa = PBXBuildFile; fileRef = EB3AB3472BC71204008B6F22 /* WaterTabItem.swift */; };
		EB3AB34A2BC7120C008B6F22 /* EnergyTabItem.swift in Sources */ = {isa = PBXBuildFile; fileRef = EB3AB3492BC7120C008B6F22 /* EnergyTabItem.swift */; };
		EB3AB34C2BC71214008B6F22 /* SettingsTabITem.swift in Sources */ = {isa = PBXBuildFile; fileRef = EB3AB34B2BC71214008B6F22 /* SettingsTabITem.swift */; };
		EB3AB34E2BC729DE008B6F22 /* ExerciseTopContentView.swift in Sources */ = {isa = PBXBuildFile; fileRef = EB3AB34D2BC729DE008B6F22 /* ExerciseTopContentView.swift */; };
		EB3AB3512BC72A30008B6F22 /* SettingsTopContentView.swift in Sources */ = {isa = PBXBuildFile; fileRef = EB3AB3502BC72A30008B6F22 /* SettingsTopContentView.swift */; };
		EB3AB3532BC72A3A008B6F22 /* WaterTopContentView.swift in Sources */ = {isa = PBXBuildFile; fileRef = EB3AB3522BC72A3A008B6F22 /* WaterTopContentView.swift */; };
		EB3AB3552BC72A46008B6F22 /* EnergyTopContentView.swift in Sources */ = {isa = PBXBuildFile; fileRef = EB3AB3542BC72A46008B6F22 /* EnergyTopContentView.swift */; };
		EB3AB3572BC76F07008B6F22 /* TopDetailView.swift in Sources */ = {isa = PBXBuildFile; fileRef = EB3AB3562BC76F07008B6F22 /* TopDetailView.swift */; };
		EB3AB35A2BC76F8C008B6F22 /* BottomView.swift in Sources */ = {isa = PBXBuildFile; fileRef = EB3AB3592BC76F8C008B6F22 /* BottomView.swift */; };
		EB3AB35E2BC76FDC008B6F22 /* SettingsBottomContentView.swift in Sources */ = {isa = PBXBuildFile; fileRef = EB3AB35D2BC76FDC008B6F22 /* SettingsBottomContentView.swift */; };
		EB3AB3602BC76FE5008B6F22 /* WaterBottomContentView.swift in Sources */ = {isa = PBXBuildFile; fileRef = EB3AB35F2BC76FE5008B6F22 /* WaterBottomContentView.swift */; };
		EB3AB3622BC76FED008B6F22 /* EnergyBottomContentView.swift in Sources */ = {isa = PBXBuildFile; fileRef = EB3AB3612BC76FED008B6F22 /* EnergyBottomContentView.swift */; };
		EB3AB3682BC7798C008B6F22 /* ExerciseStepsWidgetView.swift in Sources */ = {isa = PBXBuildFile; fileRef = EB3AB3672BC7798C008B6F22 /* ExerciseStepsWidgetView.swift */; };
		EB3AB36A2BC77B19008B6F22 /* ExerciseHealthWidgetView.swift in Sources */ = {isa = PBXBuildFile; fileRef = EB3AB3692BC77B19008B6F22 /* ExerciseHealthWidgetView.swift */; };
		EB3AB36C2BC77C3E008B6F22 /* ExerciseWeeklyStepsWidgetView.swift in Sources */ = {isa = PBXBuildFile; fileRef = EB3AB36B2BC77C3E008B6F22 /* ExerciseWeeklyStepsWidgetView.swift */; };
		EB4742BA2BD324C5009A23E4 /* ExerciseEntryView.swift in Sources */ = {isa = PBXBuildFile; fileRef = EB4742B92BD324C5009A23E4 /* ExerciseEntryView.swift */; };
		EB4742BC2BD324DF009A23E4 /* ExerciseEntryHeaderView.swift in Sources */ = {isa = PBXBuildFile; fileRef = EB4742BB2BD324DF009A23E4 /* ExerciseEntryHeaderView.swift */; };
		EB4742C02BD3251C009A23E4 /* CustomStepperView.swift in Sources */ = {isa = PBXBuildFile; fileRef = EB4742BF2BD3251C009A23E4 /* CustomStepperView.swift */; };
		EB4D9C4E2BCC73E90071BA99 /* ExerciseBottomContentView.swift in Sources */ = {isa = PBXBuildFile; fileRef = EB4D9C4D2BCC73E90071BA99 /* ExerciseBottomContentView.swift */; };
		EB4D9C502BCC73F60071BA99 /* ExerciseViewModel.swift in Sources */ = {isa = PBXBuildFile; fileRef = EB4D9C4F2BCC73F60071BA99 /* ExerciseViewModel.swift */; };
		EB4D9C522BCC80A10071BA99 /* ExercisePlanDayView.swift in Sources */ = {isa = PBXBuildFile; fileRef = EB4D9C512BCC80A10071BA99 /* ExercisePlanDayView.swift */; };
		EB4D9C572BCC8B6B0071BA99 /* WaterViewModel.swift in Sources */ = {isa = PBXBuildFile; fileRef = EB4D9C562BCC8B6B0071BA99 /* WaterViewModel.swift */; };
		EB4D9C592BCC8F420071BA99 /* WaterWave.swift in Sources */ = {isa = PBXBuildFile; fileRef = EB4D9C582BCC8F420071BA99 /* WaterWave.swift */; };
		EB4D9C5B2BCD85E60071BA99 /* EnergyAdditionWidgetView.swift in Sources */ = {isa = PBXBuildFile; fileRef = EB4D9C5A2BCD85E60071BA99 /* EnergyAdditionWidgetView.swift */; };
		EB4D9C5D2BCDA9D40071BA99 /* ExerciseFitnessWidgetView.swift in Sources */ = {isa = PBXBuildFile; fileRef = EB4D9C5C2BCDA9D40071BA99 /* ExerciseFitnessWidgetView.swift */; };
		EB4D9C602BCDABAA0071BA99 /* EnergyFitnessWidgetView.swift in Sources */ = {isa = PBXBuildFile; fileRef = EB4D9C5F2BCDABAA0071BA99 /* EnergyFitnessWidgetView.swift */; };
		EB4D9C622BCDABB20071BA99 /* EnergyHealthWidgetView.swift in Sources */ = {isa = PBXBuildFile; fileRef = EB4D9C612BCDABB20071BA99 /* EnergyHealthWidgetView.swift */; };
		EB4D9C652BCDBDF60071BA99 /* SplashView.swift in Sources */ = {isa = PBXBuildFile; fileRef = EB4D9C642BCDBDF60071BA99 /* SplashView.swift */; };
		EB4D9C672BCDBE890071BA99 /* InitialExerciseBuilderView.swift in Sources */ = {isa = PBXBuildFile; fileRef = EB4D9C662BCDBE890071BA99 /* InitialExerciseBuilderView.swift */; };
		EB4D9C692BCDBE940071BA99 /* NavigationTutorialView.swift in Sources */ = {isa = PBXBuildFile; fileRef = EB4D9C682BCDBE940071BA99 /* NavigationTutorialView.swift */; };
		EB4D9C6B2BCDCB1B0071BA99 /* BouncingChevronView.swift in Sources */ = {isa = PBXBuildFile; fileRef = EB4D9C6A2BCDCB1B0071BA99 /* BouncingChevronView.swift */; };
		EB4D9C6F2BCDE8310071BA99 /* HealthBaseController.swift in Sources */ = {isa = PBXBuildFile; fileRef = EB4D9C6E2BCDE8310071BA99 /* HealthBaseController.swift */; };
		EB4D9C712BCDF7970071BA99 /* RoundedTriangleShape.swift in Sources */ = {isa = PBXBuildFile; fileRef = EB4D9C702BCDF7970071BA99 /* RoundedTriangleShape.swift */; };
		EB4D9C732BCDFE540071BA99 /* SliderView.swift in Sources */ = {isa = PBXBuildFile; fileRef = EB4D9C722BCDFE540071BA99 /* SliderView.swift */; };
		EB4D9C752BCE00020071BA99 /* FitnessAlertButtonsView.swift in Sources */ = {isa = PBXBuildFile; fileRef = EB4D9C742BCE00020071BA99 /* FitnessAlertButtonsView.swift */; };
		EB4D9C772BCEE0F60071BA99 /* EnergyChartView.swift in Sources */ = {isa = PBXBuildFile; fileRef = EB4D9C762BCEE0F60071BA99 /* EnergyChartView.swift */; };
		EB4D9C792BCEF2390071BA99 /* ChartView.swift in Sources */ = {isa = PBXBuildFile; fileRef = EB4D9C782BCEF2390071BA99 /* ChartView.swift */; };
		EB4D9C7D2BCF074E0071BA99 /* VerticalToggleStyle.swift in Sources */ = {isa = PBXBuildFile; fileRef = EB4D9C7C2BCF074E0071BA99 /* VerticalToggleStyle.swift */; };
		EB4D9C7F2BCF2B6D0071BA99 /* Launch Screen.storyboard in Resources */ = {isa = PBXBuildFile; fileRef = EB4D9C7E2BCF2B6D0071BA99 /* Launch Screen.storyboard */; };
		EB7110F42BC847610078F796 /* HealthPermissionView.swift in Sources */ = {isa = PBXBuildFile; fileRef = EB7110F32BC847610078F796 /* HealthPermissionView.swift */; };
		EB7110F72BC84B520078F796 /* HomeViewModel.swift in Sources */ = {isa = PBXBuildFile; fileRef = EB7110F62BC84B520078F796 /* HomeViewModel.swift */; };
		EB7110FA2BC8574A0078F796 /* CustomTextFields.swift in Sources */ = {isa = PBXBuildFile; fileRef = EB7110F92BC8574A0078F796 /* CustomTextFields.swift */; };
		EB7111012BC8B3C20078F796 /* WaterAdditionWidgetView.swift in Sources */ = {isa = PBXBuildFile; fileRef = EB7111002BC8B3C20078F796 /* WaterAdditionWidgetView.swift */; };
		EBEEC77B2BD0251F0058BDFD /* Exercise.swift in Sources */ = {isa = PBXBuildFile; fileRef = EBEEC77A2BD0251F0058BDFD /* Exercise.swift */; };
		EBEEC7A72BD184160058BDFD /* GoalType.swift in Sources */ = {isa = PBXBuildFile; fileRef = EBEEC7A62BD184160058BDFD /* GoalType.swift */; };
		EBF9DD2C2BDEAB7D009EA21A /* GoalSetView.swift in Sources */ = {isa = PBXBuildFile; fileRef = EBF9DD2B2BDEAB7D009EA21A /* GoalSetView.swift */; };
		EBF9DD332BDEE724009EA21A /* WidgetKit.framework in Frameworks */ = {isa = PBXBuildFile; fileRef = EBF9DD322BDEE724009EA21A /* WidgetKit.framework */; };
		EBF9DD352BDEE724009EA21A /* SwiftUI.framework in Frameworks */ = {isa = PBXBuildFile; fileRef = EBF9DD342BDEE724009EA21A /* SwiftUI.framework */; };
		EBF9DD382BDEE724009EA21A /* ReadySetWidgetsBundle.swift in Sources */ = {isa = PBXBuildFile; fileRef = EBF9DD372BDEE724009EA21A /* ReadySetWidgetsBundle.swift */; };
		EBF9DD3A2BDEE724009EA21A /* ReadySetWaterWidget.swift in Sources */ = {isa = PBXBuildFile; fileRef = EBF9DD392BDEE724009EA21A /* ReadySetWaterWidget.swift */; };
		EBF9DD3C2BDEE726009EA21A /* Assets.xcassets in Resources */ = {isa = PBXBuildFile; fileRef = EBF9DD3B2BDEE726009EA21A /* Assets.xcassets */; };
		EBF9DD412BDEE726009EA21A /* ReadySetWidgets.appex in Embed Foundation Extensions */ = {isa = PBXBuildFile; fileRef = EBF9DD312BDEE724009EA21A /* ReadySetWidgets.appex */; settings = {ATTRIBUTES = (RemoveHeadersOnCopy, ); }; };
		EBF9DD482BDEE8C7009EA21A /* Assets.xcassets in Resources */ = {isa = PBXBuildFile; fileRef = EB1FDC432BD74A7B00253855 /* Assets.xcassets */; };
		EBF9DD4A2BDEEA84009EA21A /* WaterWidgetProvider.swift in Sources */ = {isa = PBXBuildFile; fileRef = EBF9DD492BDEEA84009EA21A /* WaterWidgetProvider.swift */; };
		EBF9DD4C2BDEEA9D009EA21A /* SimpleEntry.swift in Sources */ = {isa = PBXBuildFile; fileRef = EBF9DD4B2BDEEA9D009EA21A /* SimpleEntry.swift */; };
		EBF9DD4E2BDEEABF009EA21A /* ReadySetWaterWidgetView.swift in Sources */ = {isa = PBXBuildFile; fileRef = EBF9DD4D2BDEEABF009EA21A /* ReadySetWaterWidgetView.swift */; };
		EBF9DD5B2BDEF4B9009EA21A /* SpeedometerGaugeStyle.swift in Sources */ = {isa = PBXBuildFile; fileRef = EB2BB0732BDDB26200C3DA78 /* SpeedometerGaugeStyle.swift */; };
		EBF9DD5C2BDEF4B9009EA21A /* GaugeView.swift in Sources */ = {isa = PBXBuildFile; fileRef = EB2BB0712BDD822C00C3DA78 /* GaugeView.swift */; };
		EBF9DD5D2BDEF4D1009EA21A /* SettingsTabITem.swift in Sources */ = {isa = PBXBuildFile; fileRef = EB3AB34B2BC71214008B6F22 /* SettingsTabITem.swift */; };
		EBF9DD5E2BDEF4D1009EA21A /* WaterTabItem.swift in Sources */ = {isa = PBXBuildFile; fileRef = EB3AB3472BC71204008B6F22 /* WaterTabItem.swift */; };
		EBF9DD5F2BDEF4D1009EA21A /* EnergyTabItem.swift in Sources */ = {isa = PBXBuildFile; fileRef = EB3AB3492BC7120C008B6F22 /* EnergyTabItem.swift */; };
		EBF9DD602BDEF4D1009EA21A /* TabItemType.swift in Sources */ = {isa = PBXBuildFile; fileRef = EB3AB3402BC71105008B6F22 /* TabItemType.swift */; };
		EBF9DD612BDEF4D1009EA21A /* ITabItem.swift in Sources */ = {isa = PBXBuildFile; fileRef = EB3AB3432BC711A8008B6F22 /* ITabItem.swift */; };
		EBF9DD622BDEF4D1009EA21A /* ExerciseTabItem.swift in Sources */ = {isa = PBXBuildFile; fileRef = EB3AB3452BC711FA008B6F22 /* ExerciseTabItem.swift */; };
		EBF9DD642BDEF96B009EA21A /* ReadySetEnergyWidget.swift in Sources */ = {isa = PBXBuildFile; fileRef = EBF9DD632BDEF96B009EA21A /* ReadySetEnergyWidget.swift */; };
		EBF9DD662BDEF973009EA21A /* ReadySetEnergyWidgetView.swift in Sources */ = {isa = PBXBuildFile; fileRef = EBF9DD652BDEF973009EA21A /* ReadySetEnergyWidgetView.swift */; };
		EBF9DD682BDEFAA8009EA21A /* EnergyWidgetProvider.swift in Sources */ = {isa = PBXBuildFile; fileRef = EBF9DD672BDEFAA8009EA21A /* EnergyWidgetProvider.swift */; };
		EBF9DD692BDF0139009EA21A /* TabItemType.swift in Sources */ = {isa = PBXBuildFile; fileRef = EB3AB3402BC71105008B6F22 /* TabItemType.swift */; };
		EBF9DD6A2BDF0139009EA21A /* ExerciseTabItem.swift in Sources */ = {isa = PBXBuildFile; fileRef = EB3AB3452BC711FA008B6F22 /* ExerciseTabItem.swift */; };
		EBF9DD6B2BDF0139009EA21A /* WaterTabItem.swift in Sources */ = {isa = PBXBuildFile; fileRef = EB3AB3472BC71204008B6F22 /* WaterTabItem.swift */; };
		EBF9DD6C2BDF0139009EA21A /* EnergyTabItem.swift in Sources */ = {isa = PBXBuildFile; fileRef = EB3AB3492BC7120C008B6F22 /* EnergyTabItem.swift */; };
		EBF9DD6D2BDF0139009EA21A /* SettingsTabITem.swift in Sources */ = {isa = PBXBuildFile; fileRef = EB3AB34B2BC71214008B6F22 /* SettingsTabITem.swift */; };
		EBF9DD6E2BDF0139009EA21A /* ITabItem.swift in Sources */ = {isa = PBXBuildFile; fileRef = EB3AB3432BC711A8008B6F22 /* ITabItem.swift */; };
		EBF9DD702BDF0454009EA21A /* WatchTrackerView.swift in Sources */ = {isa = PBXBuildFile; fileRef = EBF9DD6F2BDF0454009EA21A /* WatchTrackerView.swift */; };
		EBF9DD712BDF16EB009EA21A /* Assets.xcassets in Resources */ = {isa = PBXBuildFile; fileRef = 0E940A6E2BC6FE0400144477 /* Assets.xcassets */; };
/* End PBXBuildFile section */

/* Begin PBXContainerItemProxy section */
		EB1FDC2B2BD7053200253855 /* PBXContainerItemProxy */ = {
			isa = PBXContainerItemProxy;
			containerPortal = 0E940A5F2BC6FE0200144477 /* Project object */;
			proxyType = 1;
			remoteGlobalIDString = EB1FDC1F2BD7053000253855;
			remoteInfo = "ReadySetWatch Watch App";
		};
		EBF9DD3F2BDEE726009EA21A /* PBXContainerItemProxy */ = {
			isa = PBXContainerItemProxy;
			containerPortal = 0E940A5F2BC6FE0200144477 /* Project object */;
			proxyType = 1;
			remoteGlobalIDString = EBF9DD302BDEE724009EA21A;
			remoteInfo = ReadySetWidgetsExtension;
		};
/* End PBXContainerItemProxy section */

/* Begin PBXCopyFilesBuildPhase section */
		EB1FDC312BD7053200253855 /* Embed Watch Content */ = {
			isa = PBXCopyFilesBuildPhase;
			buildActionMask = 2147483647;
			dstPath = "$(CONTENTS_FOLDER_PATH)/Watch";
			dstSubfolderSpec = 16;
			files = (
				EB1FDC2D2BD7053200253855 /* Ready, Set, Wrist.app in Embed Watch Content */,
			);
			name = "Embed Watch Content";
			runOnlyForDeploymentPostprocessing = 0;
		};
		EBF9DD452BDEE726009EA21A /* Embed Foundation Extensions */ = {
			isa = PBXCopyFilesBuildPhase;
			buildActionMask = 2147483647;
			dstPath = "";
			dstSubfolderSpec = 13;
			files = (
				EBF9DD412BDEE726009EA21A /* ReadySetWidgets.appex in Embed Foundation Extensions */,
			);
			name = "Embed Foundation Extensions";
			runOnlyForDeploymentPostprocessing = 0;
		};
/* End PBXCopyFilesBuildPhase section */

/* Begin PBXFileReference section */
		0E1A3E8F2BD4CF0C005CD025 /* Date+Extension.swift */ = {isa = PBXFileReference; lastKnownFileType = sourcecode.swift; path = "Date+Extension.swift"; sourceTree = "<group>"; };
		0E1A3E912BD4DA45005CD025 /* HKHelper.swift */ = {isa = PBXFileReference; lastKnownFileType = sourcecode.swift; path = HKHelper.swift; sourceTree = "<group>"; };
		0E4A5E252BCC80E0003678C2 /* Build.xcconfig */ = {isa = PBXFileReference; lastKnownFileType = text.xcconfig; path = Build.xcconfig; sourceTree = "<group>"; };
		0E4A5E292BCC9D59003678C2 /* EnergyViewModel.swift */ = {isa = PBXFileReference; lastKnownFileType = sourcecode.swift; path = EnergyViewModel.swift; sourceTree = "<group>"; };
		0E7DCA5D2BC6FF7400B9403C /* ExerciseSet.swift */ = {isa = PBXFileReference; lastKnownFileType = sourcecode.swift; path = ExerciseSet.swift; sourceTree = "<group>"; };
		0E931E342BEF5B6F0091AA03 /* RS+Bundle.swift */ = {isa = PBXFileReference; lastKnownFileType = sourcecode.swift; path = "RS+Bundle.swift"; sourceTree = "<group>"; };
		0E940A672BC6FE0200144477 /* ReadySet.app */ = {isa = PBXFileReference; explicitFileType = wrapper.application; includeInIndex = 0; path = ReadySet.app; sourceTree = BUILT_PRODUCTS_DIR; };
		0E940A6A2BC6FE0200144477 /* ReadySetApp.swift */ = {isa = PBXFileReference; lastKnownFileType = sourcecode.swift; path = ReadySetApp.swift; sourceTree = "<group>"; };
		0E940A6C2BC6FE0200144477 /* MainView.swift */ = {isa = PBXFileReference; lastKnownFileType = sourcecode.swift; path = MainView.swift; sourceTree = "<group>"; };
		0E940A6E2BC6FE0400144477 /* Assets.xcassets */ = {isa = PBXFileReference; lastKnownFileType = folder.assetcatalog; path = Assets.xcassets; sourceTree = "<group>"; };
		0E940A712BC6FE0400144477 /* Preview Assets.xcassets */ = {isa = PBXFileReference; lastKnownFileType = folder.assetcatalog; path = "Preview Assets.xcassets"; sourceTree = "<group>"; };
		0E9861692BCE971F00488D9E /* WaterChartView.swift */ = {isa = PBXFileReference; lastKnownFileType = sourcecode.swift; path = WaterChartView.swift; sourceTree = "<group>"; };
		0EBC76EF2BD1CE9A00880FFB /* ExerciseSetEditor.swift */ = {isa = PBXFileReference; lastKnownFileType = sourcecode.swift; path = ExerciseSetEditor.swift; sourceTree = "<group>"; };
		EB05155D2BED9EC1005FE6F0 /* DataService.swift */ = {isa = PBXFileReference; lastKnownFileType = sourcecode.swift; path = DataService.swift; sourceTree = "<group>"; };
		EB0515792BF158F0005FE6F0 /* ReadySetWatch-Watch-App-Info.plist */ = {isa = PBXFileReference; fileEncoding = 4; lastKnownFileType = text.plist.xml; path = "ReadySetWatch-Watch-App-Info.plist"; sourceTree = "<group>"; };
		EB05157C2BF15C65005FE6F0 /* Bundle+Extension.swift */ = {isa = PBXFileReference; lastKnownFileType = sourcecode.swift; path = "Bundle+Extension.swift"; sourceTree = "<group>"; };
		EB1FDC1A2BD6FCBE00253855 /* ExerciseSetRecordView.swift */ = {isa = PBXFileReference; lastKnownFileType = sourcecode.swift; path = ExerciseSetRecordView.swift; sourceTree = "<group>"; };
		EB1FDC202BD7053000253855 /* Ready, Set, Wrist.app */ = {isa = PBXFileReference; explicitFileType = wrapper.application; includeInIndex = 0; path = "Ready, Set, Wrist.app"; sourceTree = BUILT_PRODUCTS_DIR; };
		EB1FDC222BD7053000253855 /* ReadySetWatchApp.swift */ = {isa = PBXFileReference; lastKnownFileType = sourcecode.swift; path = ReadySetWatchApp.swift; sourceTree = "<group>"; };
		EB1FDC242BD7053000253855 /* MainWatchView.swift */ = {isa = PBXFileReference; lastKnownFileType = sourcecode.swift; path = MainWatchView.swift; sourceTree = "<group>"; };
		EB1FDC292BD7053200253855 /* Preview Assets.xcassets */ = {isa = PBXFileReference; lastKnownFileType = folder.assetcatalog; path = "Preview Assets.xcassets"; sourceTree = "<group>"; };
		EB1FDC432BD74A7B00253855 /* Assets.xcassets */ = {isa = PBXFileReference; lastKnownFileType = folder.assetcatalog; path = Assets.xcassets; sourceTree = "<group>"; };
		EB1FDC4F2BD9A0C900253855 /* EntryType.swift */ = {isa = PBXFileReference; lastKnownFileType = sourcecode.swift; path = EntryType.swift; sourceTree = "<group>"; };
		EB2AC0E52BFABC4F00E0F3EC /* Intents.swift */ = {isa = PBXFileReference; fileEncoding = 4; lastKnownFileType = sourcecode.swift; path = Intents.swift; sourceTree = "<group>"; };
		EB2BB03D2BDADD3800C3DA78 /* WatchConnector.swift */ = {isa = PBXFileReference; lastKnownFileType = sourcecode.swift; path = WatchConnector.swift; sourceTree = "<group>"; };
		EB2BB0402BDADD5400C3DA78 /* WatchConnectivity.framework */ = {isa = PBXFileReference; lastKnownFileType = wrapper.framework; name = WatchConnectivity.framework; path = Platforms/WatchOS.platform/Developer/SDKs/WatchOS10.4.sdk/System/Library/Frameworks/WatchConnectivity.framework; sourceTree = DEVELOPER_DIR; };
		EB2BB0432BDADDA000C3DA78 /* PhoneConnector.swift */ = {isa = PBXFileReference; lastKnownFileType = sourcecode.swift; path = PhoneConnector.swift; sourceTree = "<group>"; };
		EB2BB0462BDAF66000C3DA78 /* MainWatchViewModel.swift */ = {isa = PBXFileReference; lastKnownFileType = sourcecode.swift; path = MainWatchViewModel.swift; sourceTree = "<group>"; };
		EB2BB04B2BDB0DDD00C3DA78 /* OnboardingView.swift */ = {isa = PBXFileReference; lastKnownFileType = sourcecode.swift; path = OnboardingView.swift; sourceTree = "<group>"; };
		EB2BB04D2BDB1A0D00C3DA78 /* HomeView.swift */ = {isa = PBXFileReference; lastKnownFileType = sourcecode.swift; path = HomeView.swift; sourceTree = "<group>"; };
		EB2BB0652BDB25A200C3DA78 /* WatchExerciseView.swift */ = {isa = PBXFileReference; lastKnownFileType = sourcecode.swift; path = WatchExerciseView.swift; sourceTree = "<group>"; };
		EB2BB0672BDB263E00C3DA78 /* WatchWaterView.swift */ = {isa = PBXFileReference; lastKnownFileType = sourcecode.swift; path = WatchWaterView.swift; sourceTree = "<group>"; };
		EB2BB0692BDB26C700C3DA78 /* WatchEnergyView.swift */ = {isa = PBXFileReference; lastKnownFileType = sourcecode.swift; path = WatchEnergyView.swift; sourceTree = "<group>"; };
		EB2BB06B2BDB311800C3DA78 /* ReadySetWatch Watch App.entitlements */ = {isa = PBXFileReference; lastKnownFileType = text.plist.entitlements; path = "ReadySetWatch Watch App.entitlements"; sourceTree = "<group>"; };
		EB2BB06D2BDB4C9D00C3DA78 /* CrownRotationAdditionView.swift */ = {isa = PBXFileReference; lastKnownFileType = sourcecode.swift; path = CrownRotationAdditionView.swift; sourceTree = "<group>"; };
		EB2BB0712BDD822C00C3DA78 /* GaugeView.swift */ = {isa = PBXFileReference; lastKnownFileType = sourcecode.swift; path = GaugeView.swift; sourceTree = "<group>"; };
		EB2BB0732BDDB26200C3DA78 /* SpeedometerGaugeStyle.swift */ = {isa = PBXFileReference; lastKnownFileType = sourcecode.swift; path = SpeedometerGaugeStyle.swift; sourceTree = "<group>"; };
		EB3AB33A2BC70CF5008B6F22 /* HeaderView.swift */ = {isa = PBXFileReference; fileEncoding = 4; lastKnownFileType = sourcecode.swift; path = HeaderView.swift; sourceTree = "<group>"; };
		EB3AB33B2BC70CF5008B6F22 /* HomeView.swift */ = {isa = PBXFileReference; fileEncoding = 4; lastKnownFileType = sourcecode.swift; path = HomeView.swift; sourceTree = "<group>"; };
		EB3AB33E2BC710D1008B6F22 /* NavColumnView.swift */ = {isa = PBXFileReference; lastKnownFileType = sourcecode.swift; path = NavColumnView.swift; sourceTree = "<group>"; };
		EB3AB3402BC71105008B6F22 /* TabItemType.swift */ = {isa = PBXFileReference; lastKnownFileType = sourcecode.swift; path = TabItemType.swift; sourceTree = "<group>"; };
		EB3AB3432BC711A8008B6F22 /* ITabItem.swift */ = {isa = PBXFileReference; lastKnownFileType = sourcecode.swift; path = ITabItem.swift; sourceTree = "<group>"; };
		EB3AB3452BC711FA008B6F22 /* ExerciseTabItem.swift */ = {isa = PBXFileReference; lastKnownFileType = sourcecode.swift; path = ExerciseTabItem.swift; sourceTree = "<group>"; };
		EB3AB3472BC71204008B6F22 /* WaterTabItem.swift */ = {isa = PBXFileReference; lastKnownFileType = sourcecode.swift; path = WaterTabItem.swift; sourceTree = "<group>"; };
		EB3AB3492BC7120C008B6F22 /* EnergyTabItem.swift */ = {isa = PBXFileReference; lastKnownFileType = sourcecode.swift; path = EnergyTabItem.swift; sourceTree = "<group>"; };
		EB3AB34B2BC71214008B6F22 /* SettingsTabITem.swift */ = {isa = PBXFileReference; lastKnownFileType = sourcecode.swift; path = SettingsTabITem.swift; sourceTree = "<group>"; };
		EB3AB34D2BC729DE008B6F22 /* ExerciseTopContentView.swift */ = {isa = PBXFileReference; lastKnownFileType = sourcecode.swift; path = ExerciseTopContentView.swift; sourceTree = "<group>"; };
		EB3AB3502BC72A30008B6F22 /* SettingsTopContentView.swift */ = {isa = PBXFileReference; lastKnownFileType = sourcecode.swift; path = SettingsTopContentView.swift; sourceTree = "<group>"; };
		EB3AB3522BC72A3A008B6F22 /* WaterTopContentView.swift */ = {isa = PBXFileReference; lastKnownFileType = sourcecode.swift; path = WaterTopContentView.swift; sourceTree = "<group>"; };
		EB3AB3542BC72A46008B6F22 /* EnergyTopContentView.swift */ = {isa = PBXFileReference; lastKnownFileType = sourcecode.swift; path = EnergyTopContentView.swift; sourceTree = "<group>"; };
		EB3AB3562BC76F07008B6F22 /* TopDetailView.swift */ = {isa = PBXFileReference; lastKnownFileType = sourcecode.swift; path = TopDetailView.swift; sourceTree = "<group>"; };
		EB3AB3592BC76F8C008B6F22 /* BottomView.swift */ = {isa = PBXFileReference; lastKnownFileType = sourcecode.swift; path = BottomView.swift; sourceTree = "<group>"; };
		EB3AB35D2BC76FDC008B6F22 /* SettingsBottomContentView.swift */ = {isa = PBXFileReference; lastKnownFileType = sourcecode.swift; path = SettingsBottomContentView.swift; sourceTree = "<group>"; };
		EB3AB35F2BC76FE5008B6F22 /* WaterBottomContentView.swift */ = {isa = PBXFileReference; lastKnownFileType = sourcecode.swift; path = WaterBottomContentView.swift; sourceTree = "<group>"; };
		EB3AB3612BC76FED008B6F22 /* EnergyBottomContentView.swift */ = {isa = PBXFileReference; lastKnownFileType = sourcecode.swift; path = EnergyBottomContentView.swift; sourceTree = "<group>"; };
		EB3AB3672BC7798C008B6F22 /* ExerciseStepsWidgetView.swift */ = {isa = PBXFileReference; lastKnownFileType = sourcecode.swift; path = ExerciseStepsWidgetView.swift; sourceTree = "<group>"; };
		EB3AB3692BC77B19008B6F22 /* ExerciseHealthWidgetView.swift */ = {isa = PBXFileReference; lastKnownFileType = sourcecode.swift; path = ExerciseHealthWidgetView.swift; sourceTree = "<group>"; };
		EB3AB36B2BC77C3E008B6F22 /* ExerciseWeeklyStepsWidgetView.swift */ = {isa = PBXFileReference; lastKnownFileType = sourcecode.swift; path = ExerciseWeeklyStepsWidgetView.swift; sourceTree = "<group>"; };
		EB3AB36D2BC7957D008B6F22 /* ReadySet.entitlements */ = {isa = PBXFileReference; lastKnownFileType = text.plist.entitlements; path = ReadySet.entitlements; sourceTree = "<group>"; };
		EB4742B92BD324C5009A23E4 /* ExerciseEntryView.swift */ = {isa = PBXFileReference; lastKnownFileType = sourcecode.swift; path = ExerciseEntryView.swift; sourceTree = "<group>"; };
		EB4742BB2BD324DF009A23E4 /* ExerciseEntryHeaderView.swift */ = {isa = PBXFileReference; lastKnownFileType = sourcecode.swift; path = ExerciseEntryHeaderView.swift; sourceTree = "<group>"; };
		EB4742BF2BD3251C009A23E4 /* CustomStepperView.swift */ = {isa = PBXFileReference; lastKnownFileType = sourcecode.swift; path = CustomStepperView.swift; sourceTree = "<group>"; };
		EB4D9C4D2BCC73E90071BA99 /* ExerciseBottomContentView.swift */ = {isa = PBXFileReference; lastKnownFileType = sourcecode.swift; path = ExerciseBottomContentView.swift; sourceTree = "<group>"; };
		EB4D9C4F2BCC73F60071BA99 /* ExerciseViewModel.swift */ = {isa = PBXFileReference; lastKnownFileType = sourcecode.swift; path = ExerciseViewModel.swift; sourceTree = "<group>"; };
		EB4D9C512BCC80A10071BA99 /* ExercisePlanDayView.swift */ = {isa = PBXFileReference; lastKnownFileType = sourcecode.swift; path = ExercisePlanDayView.swift; sourceTree = "<group>"; };
		EB4D9C532BCC83C80071BA99 /* CodeSigning.xcconfig */ = {isa = PBXFileReference; lastKnownFileType = text.xcconfig; path = CodeSigning.xcconfig; sourceTree = "<group>"; };
		EB4D9C542BCC848D0071BA99 /* Info.plist */ = {isa = PBXFileReference; lastKnownFileType = text.plist.xml; path = Info.plist; sourceTree = "<group>"; };
		EB4D9C562BCC8B6B0071BA99 /* WaterViewModel.swift */ = {isa = PBXFileReference; lastKnownFileType = sourcecode.swift; path = WaterViewModel.swift; sourceTree = "<group>"; };
		EB4D9C582BCC8F420071BA99 /* WaterWave.swift */ = {isa = PBXFileReference; lastKnownFileType = sourcecode.swift; path = WaterWave.swift; sourceTree = "<group>"; };
		EB4D9C5A2BCD85E60071BA99 /* EnergyAdditionWidgetView.swift */ = {isa = PBXFileReference; lastKnownFileType = sourcecode.swift; path = EnergyAdditionWidgetView.swift; sourceTree = "<group>"; };
		EB4D9C5C2BCDA9D40071BA99 /* ExerciseFitnessWidgetView.swift */ = {isa = PBXFileReference; lastKnownFileType = sourcecode.swift; path = ExerciseFitnessWidgetView.swift; sourceTree = "<group>"; };
		EB4D9C5F2BCDABAA0071BA99 /* EnergyFitnessWidgetView.swift */ = {isa = PBXFileReference; lastKnownFileType = sourcecode.swift; path = EnergyFitnessWidgetView.swift; sourceTree = "<group>"; };
		EB4D9C612BCDABB20071BA99 /* EnergyHealthWidgetView.swift */ = {isa = PBXFileReference; lastKnownFileType = sourcecode.swift; path = EnergyHealthWidgetView.swift; sourceTree = "<group>"; };
		EB4D9C642BCDBDF60071BA99 /* SplashView.swift */ = {isa = PBXFileReference; lastKnownFileType = sourcecode.swift; path = SplashView.swift; sourceTree = "<group>"; };
		EB4D9C662BCDBE890071BA99 /* InitialExerciseBuilderView.swift */ = {isa = PBXFileReference; lastKnownFileType = sourcecode.swift; path = InitialExerciseBuilderView.swift; sourceTree = "<group>"; };
		EB4D9C682BCDBE940071BA99 /* NavigationTutorialView.swift */ = {isa = PBXFileReference; lastKnownFileType = sourcecode.swift; path = NavigationTutorialView.swift; sourceTree = "<group>"; };
		EB4D9C6A2BCDCB1B0071BA99 /* BouncingChevronView.swift */ = {isa = PBXFileReference; lastKnownFileType = sourcecode.swift; path = BouncingChevronView.swift; sourceTree = "<group>"; };
		EB4D9C6E2BCDE8310071BA99 /* HealthBaseController.swift */ = {isa = PBXFileReference; fileEncoding = 4; lastKnownFileType = sourcecode.swift; path = HealthBaseController.swift; sourceTree = "<group>"; };
		EB4D9C702BCDF7970071BA99 /* RoundedTriangleShape.swift */ = {isa = PBXFileReference; lastKnownFileType = sourcecode.swift; path = RoundedTriangleShape.swift; sourceTree = "<group>"; };
		EB4D9C722BCDFE540071BA99 /* SliderView.swift */ = {isa = PBXFileReference; lastKnownFileType = sourcecode.swift; path = SliderView.swift; sourceTree = "<group>"; };
		EB4D9C742BCE00020071BA99 /* FitnessAlertButtonsView.swift */ = {isa = PBXFileReference; lastKnownFileType = sourcecode.swift; path = FitnessAlertButtonsView.swift; sourceTree = "<group>"; };
		EB4D9C762BCEE0F60071BA99 /* EnergyChartView.swift */ = {isa = PBXFileReference; lastKnownFileType = sourcecode.swift; path = EnergyChartView.swift; sourceTree = "<group>"; };
		EB4D9C782BCEF2390071BA99 /* ChartView.swift */ = {isa = PBXFileReference; lastKnownFileType = sourcecode.swift; path = ChartView.swift; sourceTree = "<group>"; };
		EB4D9C7C2BCF074E0071BA99 /* VerticalToggleStyle.swift */ = {isa = PBXFileReference; lastKnownFileType = sourcecode.swift; path = VerticalToggleStyle.swift; sourceTree = "<group>"; };
		EB4D9C7E2BCF2B6D0071BA99 /* Launch Screen.storyboard */ = {isa = PBXFileReference; lastKnownFileType = file.storyboard; path = "Launch Screen.storyboard"; sourceTree = "<group>"; };
		EB7110F32BC847610078F796 /* HealthPermissionView.swift */ = {isa = PBXFileReference; lastKnownFileType = sourcecode.swift; path = HealthPermissionView.swift; sourceTree = "<group>"; };
		EB7110F62BC84B520078F796 /* HomeViewModel.swift */ = {isa = PBXFileReference; lastKnownFileType = sourcecode.swift; path = HomeViewModel.swift; sourceTree = "<group>"; };
		EB7110F92BC8574A0078F796 /* CustomTextFields.swift */ = {isa = PBXFileReference; lastKnownFileType = sourcecode.swift; path = CustomTextFields.swift; sourceTree = "<group>"; };
		EB7111002BC8B3C20078F796 /* WaterAdditionWidgetView.swift */ = {isa = PBXFileReference; lastKnownFileType = sourcecode.swift; path = WaterAdditionWidgetView.swift; sourceTree = "<group>"; };
		EBEEC77A2BD0251F0058BDFD /* Exercise.swift */ = {isa = PBXFileReference; lastKnownFileType = sourcecode.swift; path = Exercise.swift; sourceTree = "<group>"; };
		EBEEC7A62BD184160058BDFD /* GoalType.swift */ = {isa = PBXFileReference; lastKnownFileType = sourcecode.swift; path = GoalType.swift; sourceTree = "<group>"; };
		EBF9DD2B2BDEAB7D009EA21A /* GoalSetView.swift */ = {isa = PBXFileReference; lastKnownFileType = sourcecode.swift; path = GoalSetView.swift; sourceTree = "<group>"; };
		EBF9DD312BDEE724009EA21A /* ReadySetWidgets.appex */ = {isa = PBXFileReference; explicitFileType = "wrapper.app-extension"; includeInIndex = 0; path = ReadySetWidgets.appex; sourceTree = BUILT_PRODUCTS_DIR; };
		EBF9DD322BDEE724009EA21A /* WidgetKit.framework */ = {isa = PBXFileReference; lastKnownFileType = wrapper.framework; name = WidgetKit.framework; path = /System/Library/Frameworks/WidgetKit.framework; sourceTree = "<absolute>"; };
		EBF9DD342BDEE724009EA21A /* SwiftUI.framework */ = {isa = PBXFileReference; lastKnownFileType = wrapper.framework; name = SwiftUI.framework; path = /System/Library/Frameworks/SwiftUI.framework; sourceTree = "<absolute>"; };
		EBF9DD372BDEE724009EA21A /* ReadySetWidgetsBundle.swift */ = {isa = PBXFileReference; lastKnownFileType = sourcecode.swift; path = ReadySetWidgetsBundle.swift; sourceTree = "<group>"; };
		EBF9DD392BDEE724009EA21A /* ReadySetWaterWidget.swift */ = {isa = PBXFileReference; lastKnownFileType = sourcecode.swift; path = ReadySetWaterWidget.swift; sourceTree = "<group>"; };
		EBF9DD3B2BDEE726009EA21A /* Assets.xcassets */ = {isa = PBXFileReference; lastKnownFileType = folder.assetcatalog; path = Assets.xcassets; sourceTree = "<group>"; };
		EBF9DD3D2BDEE726009EA21A /* Info.plist */ = {isa = PBXFileReference; lastKnownFileType = text.plist.xml; path = Info.plist; sourceTree = "<group>"; };
		EBF9DD3E2BDEE726009EA21A /* ReadySetWidgets.entitlements */ = {isa = PBXFileReference; lastKnownFileType = text.plist.entitlements; path = ReadySetWidgets.entitlements; sourceTree = "<group>"; };
		EBF9DD492BDEEA84009EA21A /* WaterWidgetProvider.swift */ = {isa = PBXFileReference; lastKnownFileType = sourcecode.swift; path = WaterWidgetProvider.swift; sourceTree = "<group>"; };
		EBF9DD4B2BDEEA9D009EA21A /* SimpleEntry.swift */ = {isa = PBXFileReference; lastKnownFileType = sourcecode.swift; path = SimpleEntry.swift; sourceTree = "<group>"; };
		EBF9DD4D2BDEEABF009EA21A /* ReadySetWaterWidgetView.swift */ = {isa = PBXFileReference; lastKnownFileType = sourcecode.swift; path = ReadySetWaterWidgetView.swift; sourceTree = "<group>"; };
		EBF9DD632BDEF96B009EA21A /* ReadySetEnergyWidget.swift */ = {isa = PBXFileReference; lastKnownFileType = sourcecode.swift; path = ReadySetEnergyWidget.swift; sourceTree = "<group>"; };
		EBF9DD652BDEF973009EA21A /* ReadySetEnergyWidgetView.swift */ = {isa = PBXFileReference; lastKnownFileType = sourcecode.swift; path = ReadySetEnergyWidgetView.swift; sourceTree = "<group>"; };
		EBF9DD672BDEFAA8009EA21A /* EnergyWidgetProvider.swift */ = {isa = PBXFileReference; lastKnownFileType = sourcecode.swift; path = EnergyWidgetProvider.swift; sourceTree = "<group>"; };
		EBF9DD6F2BDF0454009EA21A /* WatchTrackerView.swift */ = {isa = PBXFileReference; lastKnownFileType = sourcecode.swift; path = WatchTrackerView.swift; sourceTree = "<group>"; };
/* End PBXFileReference section */

/* Begin PBXFrameworksBuildPhase section */
		0E940A642BC6FE0200144477 /* Frameworks */ = {
			isa = PBXFrameworksBuildPhase;
			buildActionMask = 2147483647;
			files = (
				EB2BB0702BDD6B2200C3DA78 /* Flow in Frameworks */,
			);
			runOnlyForDeploymentPostprocessing = 0;
		};
		EB1FDC1D2BD7053000253855 /* Frameworks */ = {
			isa = PBXFrameworksBuildPhase;
			buildActionMask = 2147483647;
			files = (
				EB2BB0452BDAE00F00C3DA78 /* WatchConnectivity.framework in Frameworks */,
			);
			runOnlyForDeploymentPostprocessing = 0;
		};
		EBF9DD2E2BDEE724009EA21A /* Frameworks */ = {
			isa = PBXFrameworksBuildPhase;
			buildActionMask = 2147483647;
			files = (
				EBF9DD352BDEE724009EA21A /* SwiftUI.framework in Frameworks */,
				EBF9DD332BDEE724009EA21A /* WidgetKit.framework in Frameworks */,
			);
			runOnlyForDeploymentPostprocessing = 0;
		};
/* End PBXFrameworksBuildPhase section */

/* Begin PBXGroup section */
		0E1A3E8E2BD4CEFE005CD025 /* Misc */ = {
			isa = PBXGroup;
			children = (
				EB4D9C6E2BCDE8310071BA99 /* HealthBaseController.swift */,
				EB2BB03D2BDADD3800C3DA78 /* WatchConnector.swift */,
				0E1A3E912BD4DA45005CD025 /* HKHelper.swift */,
				EB05157C2BF15C65005FE6F0 /* Bundle+Extension.swift */,
				0E1A3E8F2BD4CF0C005CD025 /* Date+Extension.swift */,
			);
			path = Misc;
			sourceTree = "<group>";
		};
		0E442FE72BC7020A004F1467 /* Config */ = {
			isa = PBXGroup;
			children = (
				0E4A5E252BCC80E0003678C2 /* Build.xcconfig */,
				EB4D9C532BCC83C80071BA99 /* CodeSigning.xcconfig */,
			);
			path = Config;
			sourceTree = "<group>";
		};
		0E7DCA5A2BC6FE8000B9403C /* Models */ = {
			isa = PBXGroup;
			children = (
				EBEEC7A62BD184160058BDFD /* GoalType.swift */,
				EB1FDC4F2BD9A0C900253855 /* EntryType.swift */,
				EBEEC77A2BD0251F0058BDFD /* Exercise.swift */,
				0E7DCA5D2BC6FF7400B9403C /* ExerciseSet.swift */,
			);
			path = Models;
			sourceTree = "<group>";
		};
		0E931E332BEF5B5D0091AA03 /* Shared */ = {
			isa = PBXGroup;
			children = (
				0E931E342BEF5B6F0091AA03 /* RS+Bundle.swift */,
			);
			path = Shared;
			sourceTree = "<group>";
		};
		0E940A5E2BC6FE0200144477 = {
			isa = PBXGroup;
			children = (
				0E442FE72BC7020A004F1467 /* Config */,
				0E940A692BC6FE0200144477 /* ReadySet */,
				EB1FDC212BD7053000253855 /* ReadySetWatch Watch App */,
				EBF9DD362BDEE724009EA21A /* ReadySetWidgets */,
				0E931E332BEF5B5D0091AA03 /* Shared */,
				0E940A682BC6FE0200144477 /* Products */,
				EB2BB03F2BDADD5300C3DA78 /* Frameworks */,
			);
			sourceTree = "<group>";
		};
		0E940A682BC6FE0200144477 /* Products */ = {
			isa = PBXGroup;
			children = (
				0E940A672BC6FE0200144477 /* ReadySet.app */,
				EB1FDC202BD7053000253855 /* Ready, Set, Wrist.app */,
				EBF9DD312BDEE724009EA21A /* ReadySetWidgets.appex */,
			);
			name = Products;
			sourceTree = "<group>";
		};
		0E940A692BC6FE0200144477 /* ReadySet */ = {
			isa = PBXGroup;
			children = (
				EB4D9C542BCC848D0071BA99 /* Info.plist */,
				EB4D9C7E2BCF2B6D0071BA99 /* Launch Screen.storyboard */,
				EB3AB36D2BC7957D008B6F22 /* ReadySet.entitlements */,
				0E940A6A2BC6FE0200144477 /* ReadySetApp.swift */,
				0E940A6C2BC6FE0200144477 /* MainView.swift */,
				0E1A3E8E2BD4CEFE005CD025 /* Misc */,
				0E7DCA5A2BC6FE8000B9403C /* Models */,
				EB3AB3422BC71191008B6F22 /* TabItems */,
				EB4D9C632BCDBD460071BA99 /* Onboarding */,
				EB7110F52BC84B430078F796 /* Main Views */,
				EB7110FB2BC86BAB0078F796 /* Exercise */,
				EB7110FD2BC870440078F796 /* Water */,
				EB7110FE2BC870550078F796 /* Energy */,
				EB7110FF2BC870780078F796 /* Settings */,
				EB7110F82BC857330078F796 /* Additional Components */,
				0E940A6E2BC6FE0400144477 /* Assets.xcassets */,
				0E940A702BC6FE0400144477 /* Preview Content */,
			);
			path = ReadySet;
			sourceTree = "<group>";
		};
		0E940A702BC6FE0400144477 /* Preview Content */ = {
			isa = PBXGroup;
			children = (
				0E940A712BC6FE0400144477 /* Preview Assets.xcassets */,
			);
			path = "Preview Content";
			sourceTree = "<group>";
		};
		EB1FDC212BD7053000253855 /* ReadySetWatch Watch App */ = {
			isa = PBXGroup;
			children = (
				EB0515792BF158F0005FE6F0 /* ReadySetWatch-Watch-App-Info.plist */,
				EB2BB06B2BDB311800C3DA78 /* ReadySetWatch Watch App.entitlements */,
				EB1FDC222BD7053000253855 /* ReadySetWatchApp.swift */,
				EB2BB04A2BDB0DC000C3DA78 /* Misc */,
				EB2BB0622BDB1F3A00C3DA78 /* Main Views */,
				EB2BB0652BDB25A200C3DA78 /* WatchExerciseView.swift */,
				EB2BB0672BDB263E00C3DA78 /* WatchWaterView.swift */,
				EB2BB0692BDB26C700C3DA78 /* WatchEnergyView.swift */,
				EB2BB06C2BDB4C2700C3DA78 /* Additional Components */,
				EB1FDC432BD74A7B00253855 /* Assets.xcassets */,
				EB1FDC282BD7053200253855 /* Preview Content */,
			);
			path = "ReadySetWatch Watch App";
			sourceTree = "<group>";
		};
		EB1FDC282BD7053200253855 /* Preview Content */ = {
			isa = PBXGroup;
			children = (
				EB1FDC292BD7053200253855 /* Preview Assets.xcassets */,
			);
			path = "Preview Content";
			sourceTree = "<group>";
		};
		EB2BB03F2BDADD5300C3DA78 /* Frameworks */ = {
			isa = PBXGroup;
			children = (
				EB2BB0402BDADD5400C3DA78 /* WatchConnectivity.framework */,
				EBF9DD322BDEE724009EA21A /* WidgetKit.framework */,
				EBF9DD342BDEE724009EA21A /* SwiftUI.framework */,
			);
			name = Frameworks;
			sourceTree = "<group>";
		};
		EB2BB04A2BDB0DC000C3DA78 /* Misc */ = {
			isa = PBXGroup;
			children = (
				EB2BB0432BDADDA000C3DA78 /* PhoneConnector.swift */,
			);
			path = Misc;
			sourceTree = "<group>";
		};
		EB2BB0622BDB1F3A00C3DA78 /* Main Views */ = {
			isa = PBXGroup;
			children = (
				EB2BB04B2BDB0DDD00C3DA78 /* OnboardingView.swift */,
				EB2BB0462BDAF66000C3DA78 /* MainWatchViewModel.swift */,
				EB1FDC242BD7053000253855 /* MainWatchView.swift */,
				EB2BB04D2BDB1A0D00C3DA78 /* HomeView.swift */,
				EBF9DD6F2BDF0454009EA21A /* WatchTrackerView.swift */,
			);
			path = "Main Views";
			sourceTree = "<group>";
		};
		EB2BB06C2BDB4C2700C3DA78 /* Additional Components */ = {
			isa = PBXGroup;
			children = (
				EB2BB06D2BDB4C9D00C3DA78 /* CrownRotationAdditionView.swift */,
				EB2BB0712BDD822C00C3DA78 /* GaugeView.swift */,
				EB2BB0732BDDB26200C3DA78 /* SpeedometerGaugeStyle.swift */,
			);
			path = "Additional Components";
			sourceTree = "<group>";
		};
		EB3AB3422BC71191008B6F22 /* TabItems */ = {
			isa = PBXGroup;
			children = (
				EB3AB3432BC711A8008B6F22 /* ITabItem.swift */,
				EB3AB3402BC71105008B6F22 /* TabItemType.swift */,
				EB3AB3452BC711FA008B6F22 /* ExerciseTabItem.swift */,
				EB3AB3472BC71204008B6F22 /* WaterTabItem.swift */,
				EB3AB3492BC7120C008B6F22 /* EnergyTabItem.swift */,
				EB3AB34B2BC71214008B6F22 /* SettingsTabITem.swift */,
			);
			path = TabItems;
			sourceTree = "<group>";
		};
		EB3AB3642BC772D6008B6F22 /* Widgets */ = {
			isa = PBXGroup;
			children = (
				EB4D9C5C2BCDA9D40071BA99 /* ExerciseFitnessWidgetView.swift */,
				EB3AB3672BC7798C008B6F22 /* ExerciseStepsWidgetView.swift */,
				EB3AB36B2BC77C3E008B6F22 /* ExerciseWeeklyStepsWidgetView.swift */,
				EB3AB3692BC77B19008B6F22 /* ExerciseHealthWidgetView.swift */,
			);
			path = Widgets;
			sourceTree = "<group>";
		};
		EB4742B82BD324B4009A23E4 /* Exercise Builder */ = {
			isa = PBXGroup;
			children = (
				EB4D9C512BCC80A10071BA99 /* ExercisePlanDayView.swift */,
				0EBC76EF2BD1CE9A00880FFB /* ExerciseSetEditor.swift */,
				EB4742B92BD324C5009A23E4 /* ExerciseEntryView.swift */,
				EB4742BB2BD324DF009A23E4 /* ExerciseEntryHeaderView.swift */,
				EB1FDC1A2BD6FCBE00253855 /* ExerciseSetRecordView.swift */,
			);
			path = "Exercise Builder";
			sourceTree = "<group>";
		};
		EB4D9C5E2BCDAB990071BA99 /* Widgets */ = {
			isa = PBXGroup;
			children = (
				EB4D9C5A2BCD85E60071BA99 /* EnergyAdditionWidgetView.swift */,
				EB4D9C5F2BCDABAA0071BA99 /* EnergyFitnessWidgetView.swift */,
				EB4D9C612BCDABB20071BA99 /* EnergyHealthWidgetView.swift */,
			);
			path = Widgets;
			sourceTree = "<group>";
		};
		EB4D9C632BCDBD460071BA99 /* Onboarding */ = {
			isa = PBXGroup;
			children = (
				EB4D9C642BCDBDF60071BA99 /* SplashView.swift */,
				EB7110F32BC847610078F796 /* HealthPermissionView.swift */,
				EB4D9C662BCDBE890071BA99 /* InitialExerciseBuilderView.swift */,
				EBF9DD2B2BDEAB7D009EA21A /* GoalSetView.swift */,
				EB4D9C682BCDBE940071BA99 /* NavigationTutorialView.swift */,
			);
			path = Onboarding;
			sourceTree = "<group>";
		};
		EB7110F52BC84B430078F796 /* Main Views */ = {
			isa = PBXGroup;
			children = (
				EB3AB33B2BC70CF5008B6F22 /* HomeView.swift */,
				EB7110F62BC84B520078F796 /* HomeViewModel.swift */,
				EB3AB33A2BC70CF5008B6F22 /* HeaderView.swift */,
				EB3AB3562BC76F07008B6F22 /* TopDetailView.swift */,
				EB3AB3592BC76F8C008B6F22 /* BottomView.swift */,
				EB3AB33E2BC710D1008B6F22 /* NavColumnView.swift */,
			);
			path = "Main Views";
			sourceTree = "<group>";
		};
		EB7110F82BC857330078F796 /* Additional Components */ = {
			isa = PBXGroup;
			children = (
				EB7110F92BC8574A0078F796 /* CustomTextFields.swift */,
				EB4742BF2BD3251C009A23E4 /* CustomStepperView.swift */,
				EB4D9C7C2BCF074E0071BA99 /* VerticalToggleStyle.swift */,
				EB4D9C782BCEF2390071BA99 /* ChartView.swift */,
				EB4D9C722BCDFE540071BA99 /* SliderView.swift */,
				EB4D9C6A2BCDCB1B0071BA99 /* BouncingChevronView.swift */,
				EB4D9C702BCDF7970071BA99 /* RoundedTriangleShape.swift */,
				EB4D9C742BCE00020071BA99 /* FitnessAlertButtonsView.swift */,
			);
			path = "Additional Components";
			sourceTree = "<group>";
		};
		EB7110FB2BC86BAB0078F796 /* Exercise */ = {
			isa = PBXGroup;
			children = (
				EB4D9C4F2BCC73F60071BA99 /* ExerciseViewModel.swift */,
				EB3AB34D2BC729DE008B6F22 /* ExerciseTopContentView.swift */,
				EB4D9C4D2BCC73E90071BA99 /* ExerciseBottomContentView.swift */,
				EB4742B82BD324B4009A23E4 /* Exercise Builder */,
				EB3AB3642BC772D6008B6F22 /* Widgets */,
			);
			path = Exercise;
			sourceTree = "<group>";
		};
		EB7110FD2BC870440078F796 /* Water */ = {
			isa = PBXGroup;
			children = (
				EB4D9C562BCC8B6B0071BA99 /* WaterViewModel.swift */,
				EB3AB3522BC72A3A008B6F22 /* WaterTopContentView.swift */,
				EB3AB35F2BC76FE5008B6F22 /* WaterBottomContentView.swift */,
				0E9861692BCE971F00488D9E /* WaterChartView.swift */,
				EB7111002BC8B3C20078F796 /* WaterAdditionWidgetView.swift */,
				EB4D9C582BCC8F420071BA99 /* WaterWave.swift */,
			);
			path = Water;
			sourceTree = "<group>";
		};
		EB7110FE2BC870550078F796 /* Energy */ = {
			isa = PBXGroup;
			children = (
				0E4A5E292BCC9D59003678C2 /* EnergyViewModel.swift */,
				EB3AB3542BC72A46008B6F22 /* EnergyTopContentView.swift */,
				EB3AB3612BC76FED008B6F22 /* EnergyBottomContentView.swift */,
				EB4D9C762BCEE0F60071BA99 /* EnergyChartView.swift */,
				EB4D9C5E2BCDAB990071BA99 /* Widgets */,
			);
			path = Energy;
			sourceTree = "<group>";
		};
		EB7110FF2BC870780078F796 /* Settings */ = {
			isa = PBXGroup;
			children = (
				EB3AB3502BC72A30008B6F22 /* SettingsTopContentView.swift */,
				EB3AB35D2BC76FDC008B6F22 /* SettingsBottomContentView.swift */,
			);
			path = Settings;
			sourceTree = "<group>";
		};
		EBF9DD362BDEE724009EA21A /* ReadySetWidgets */ = {
			isa = PBXGroup;
			children = (
				EBF9DD372BDEE724009EA21A /* ReadySetWidgetsBundle.swift */,
				EBF9DD4B2BDEEA9D009EA21A /* SimpleEntry.swift */,
				EB05155D2BED9EC1005FE6F0 /* DataService.swift */,
				EB2AC0E52BFABC4F00E0F3EC /* Intents.swift */,
				EBF9DD522BDEF26E009EA21A /* ReadySetWaterWidget */,
				EBF9DD542BDEF32C009EA21A /* ReadySetEnergyWidget */,
				EBF9DD3B2BDEE726009EA21A /* Assets.xcassets */,
				EBF9DD3D2BDEE726009EA21A /* Info.plist */,
				EBF9DD3E2BDEE726009EA21A /* ReadySetWidgets.entitlements */,
			);
			path = ReadySetWidgets;
			sourceTree = "<group>";
		};
		EBF9DD522BDEF26E009EA21A /* ReadySetWaterWidget */ = {
			isa = PBXGroup;
			children = (
				EBF9DD492BDEEA84009EA21A /* WaterWidgetProvider.swift */,
				EBF9DD392BDEE724009EA21A /* ReadySetWaterWidget.swift */,
				EBF9DD4D2BDEEABF009EA21A /* ReadySetWaterWidgetView.swift */,
			);
			path = ReadySetWaterWidget;
			sourceTree = "<group>";
		};
		EBF9DD542BDEF32C009EA21A /* ReadySetEnergyWidget */ = {
			isa = PBXGroup;
			children = (
				EBF9DD672BDEFAA8009EA21A /* EnergyWidgetProvider.swift */,
				EBF9DD632BDEF96B009EA21A /* ReadySetEnergyWidget.swift */,
				EBF9DD652BDEF973009EA21A /* ReadySetEnergyWidgetView.swift */,
			);
			path = ReadySetEnergyWidget;
			sourceTree = "<group>";
		};
/* End PBXGroup section */

/* Begin PBXNativeTarget section */
		0E940A662BC6FE0200144477 /* ReadySet */ = {
			isa = PBXNativeTarget;
			buildConfigurationList = 0E940A902BC6FE0400144477 /* Build configuration list for PBXNativeTarget "ReadySet" */;
			buildPhases = (
				0E940A632BC6FE0200144477 /* Sources */,
				0E940A642BC6FE0200144477 /* Frameworks */,
				0E940A652BC6FE0200144477 /* Resources */,
				EB1FDC312BD7053200253855 /* Embed Watch Content */,
				EBF9DD452BDEE726009EA21A /* Embed Foundation Extensions */,
			);
			buildRules = (
			);
			dependencies = (
				EB1FDC2C2BD7053200253855 /* PBXTargetDependency */,
				EBF9DD402BDEE726009EA21A /* PBXTargetDependency */,
			);
			name = ReadySet;
			packageProductDependencies = (
				EB2BB06F2BDD6B2200C3DA78 /* Flow */,
			);
			productName = ReadySet;
			productReference = 0E940A672BC6FE0200144477 /* ReadySet.app */;
			productType = "com.apple.product-type.application";
		};
		EB1FDC1F2BD7053000253855 /* ReadySetWatch Watch App */ = {
			isa = PBXNativeTarget;
			buildConfigurationList = EB1FDC2E2BD7053200253855 /* Build configuration list for PBXNativeTarget "ReadySetWatch Watch App" */;
			buildPhases = (
				EB1FDC1C2BD7053000253855 /* Sources */,
				EB1FDC1D2BD7053000253855 /* Frameworks */,
				EB1FDC1E2BD7053000253855 /* Resources */,
			);
			buildRules = (
			);
			dependencies = (
			);
			name = "ReadySetWatch Watch App";
			productName = "ReadySetWatch Watch App";
			productReference = EB1FDC202BD7053000253855 /* Ready, Set, Wrist.app */;
			productType = "com.apple.product-type.application";
		};
		EBF9DD302BDEE724009EA21A /* ReadySetWidgetsExtension */ = {
			isa = PBXNativeTarget;
			buildConfigurationList = EBF9DD422BDEE726009EA21A /* Build configuration list for PBXNativeTarget "ReadySetWidgetsExtension" */;
			buildPhases = (
				EBF9DD2D2BDEE724009EA21A /* Sources */,
				EBF9DD2E2BDEE724009EA21A /* Frameworks */,
				EBF9DD2F2BDEE724009EA21A /* Resources */,
			);
			buildRules = (
			);
			dependencies = (
			);
			name = ReadySetWidgetsExtension;
			productName = ReadySetWidgetsExtension;
			productReference = EBF9DD312BDEE724009EA21A /* ReadySetWidgets.appex */;
			productType = "com.apple.product-type.app-extension";
		};
/* End PBXNativeTarget section */

/* Begin PBXProject section */
		0E940A5F2BC6FE0200144477 /* Project object */ = {
			isa = PBXProject;
			attributes = {
				BuildIndependentTargetsInParallel = 1;
				LastSwiftUpdateCheck = 1530;
				LastUpgradeCheck = 1540;
				TargetAttributes = {
					0E940A662BC6FE0200144477 = {
						CreatedOnToolsVersion = 15.3;
					};
					EB1FDC1F2BD7053000253855 = {
						CreatedOnToolsVersion = 15.3;
					};
					EBF9DD302BDEE724009EA21A = {
						CreatedOnToolsVersion = 15.3;
					};
				};
			};
			buildConfigurationList = 0E940A622BC6FE0200144477 /* Build configuration list for PBXProject "ReadySet" */;
			compatibilityVersion = "Xcode 14.0";
			developmentRegion = en;
			hasScannedForEncodings = 0;
			knownRegions = (
				en,
				Base,
			);
			mainGroup = 0E940A5E2BC6FE0200144477;
			packageReferences = (
				EB1FDC152BD6B99300253855 /* XCRemoteSwiftPackageReference "SwiftUI-Flow" */,
			);
			productRefGroup = 0E940A682BC6FE0200144477 /* Products */;
			projectDirPath = "";
			projectRoot = "";
			targets = (
				0E940A662BC6FE0200144477 /* ReadySet */,
				EB1FDC1F2BD7053000253855 /* ReadySetWatch Watch App */,
				EBF9DD302BDEE724009EA21A /* ReadySetWidgetsExtension */,
			);
		};
/* End PBXProject section */

/* Begin PBXResourcesBuildPhase section */
		0E940A652BC6FE0200144477 /* Resources */ = {
			isa = PBXResourcesBuildPhase;
			buildActionMask = 2147483647;
			files = (
				EB4D9C7F2BCF2B6D0071BA99 /* Launch Screen.storyboard in Resources */,
				EBF9DD712BDF16EB009EA21A /* Assets.xcassets in Resources */,
				EB05157A2BF158F0005FE6F0 /* ReadySetWatch-Watch-App-Info.plist in Resources */,
				0E940A722BC6FE0400144477 /* Preview Assets.xcassets in Resources */,
			);
			runOnlyForDeploymentPostprocessing = 0;
		};
		EB1FDC1E2BD7053000253855 /* Resources */ = {
			isa = PBXResourcesBuildPhase;
			buildActionMask = 2147483647;
			files = (
				EB1FDC2A2BD7053200253855 /* Preview Assets.xcassets in Resources */,
				EBF9DD482BDEE8C7009EA21A /* Assets.xcassets in Resources */,
			);
			runOnlyForDeploymentPostprocessing = 0;
		};
		EBF9DD2F2BDEE724009EA21A /* Resources */ = {
			isa = PBXResourcesBuildPhase;
			buildActionMask = 2147483647;
			files = (
				EBF9DD3C2BDEE726009EA21A /* Assets.xcassets in Resources */,
			);
			runOnlyForDeploymentPostprocessing = 0;
		};
/* End PBXResourcesBuildPhase section */

/* Begin PBXSourcesBuildPhase section */
		0E940A632BC6FE0200144477 /* Sources */ = {
			isa = PBXSourcesBuildPhase;
			buildActionMask = 2147483647;
			files = (
				0E4A5E2A2BCC9D59003678C2 /* EnergyViewModel.swift in Sources */,
				EB3AB33F2BC710D1008B6F22 /* NavColumnView.swift in Sources */,
				EB4D9C692BCDBE940071BA99 /* NavigationTutorialView.swift in Sources */,
				EB3AB33D2BC70CF5008B6F22 /* HomeView.swift in Sources */,
				EB4D9C732BCDFE540071BA99 /* SliderView.swift in Sources */,
				EB4D9C602BCDABAA0071BA99 /* EnergyFitnessWidgetView.swift in Sources */,
				EBF9DD2C2BDEAB7D009EA21A /* GoalSetView.swift in Sources */,
				EB3AB3552BC72A46008B6F22 /* EnergyTopContentView.swift in Sources */,
				EB7110F72BC84B520078F796 /* HomeViewModel.swift in Sources */,
				EB4D9C572BCC8B6B0071BA99 /* WaterViewModel.swift in Sources */,
				0EBC76F02BD1CE9A00880FFB /* ExerciseSetEditor.swift in Sources */,
				EB3AB3512BC72A30008B6F22 /* SettingsTopContentView.swift in Sources */,
				EB3AB34E2BC729DE008B6F22 /* ExerciseTopContentView.swift in Sources */,
				EB4742C02BD3251C009A23E4 /* CustomStepperView.swift in Sources */,
				EB4D9C5D2BCDA9D40071BA99 /* ExerciseFitnessWidgetView.swift in Sources */,
				EB3AB3462BC711FA008B6F22 /* ExerciseTabItem.swift in Sources */,
				EB05157D2BF15C65005FE6F0 /* Bundle+Extension.swift in Sources */,
				EB4D9C6B2BCDCB1B0071BA99 /* BouncingChevronView.swift in Sources */,
				EB3AB3412BC71105008B6F22 /* TabItemType.swift in Sources */,
				EB3AB3572BC76F07008B6F22 /* TopDetailView.swift in Sources */,
				0E1A3E922BD4DA45005CD025 /* HKHelper.swift in Sources */,
				0E931E352BEF5B6F0091AA03 /* RS+Bundle.swift in Sources */,
				EB2BB03E2BDADD3800C3DA78 /* WatchConnector.swift in Sources */,
				EB4D9C712BCDF7970071BA99 /* RoundedTriangleShape.swift in Sources */,
				EB4D9C6F2BCDE8310071BA99 /* HealthBaseController.swift in Sources */,
				EB4D9C792BCEF2390071BA99 /* ChartView.swift in Sources */,
				EB1FDC502BD9A0C900253855 /* EntryType.swift in Sources */,
				EB7111012BC8B3C20078F796 /* WaterAdditionWidgetView.swift in Sources */,
				EB4D9C522BCC80A10071BA99 /* ExercisePlanDayView.swift in Sources */,
				EB4742BC2BD324DF009A23E4 /* ExerciseEntryHeaderView.swift in Sources */,
				EB4D9C7D2BCF074E0071BA99 /* VerticalToggleStyle.swift in Sources */,
				EB3AB3622BC76FED008B6F22 /* EnergyBottomContentView.swift in Sources */,
				EB4D9C672BCDBE890071BA99 /* InitialExerciseBuilderView.swift in Sources */,
				EB1FDC1B2BD6FCBE00253855 /* ExerciseSetRecordView.swift in Sources */,
				0E7DCA5E2BC6FF7400B9403C /* ExerciseSet.swift in Sources */,
				EB4D9C772BCEE0F60071BA99 /* EnergyChartView.swift in Sources */,
				EB3AB34C2BC71214008B6F22 /* SettingsTabITem.swift in Sources */,
				0E940A6D2BC6FE0200144477 /* MainView.swift in Sources */,
				EB3AB3602BC76FE5008B6F22 /* WaterBottomContentView.swift in Sources */,
				EB4D9C652BCDBDF60071BA99 /* SplashView.swift in Sources */,
				EB4742BA2BD324C5009A23E4 /* ExerciseEntryView.swift in Sources */,
				EB3AB3442BC711A8008B6F22 /* ITabItem.swift in Sources */,
				EB3AB35E2BC76FDC008B6F22 /* SettingsBottomContentView.swift in Sources */,
				EB3AB35A2BC76F8C008B6F22 /* BottomView.swift in Sources */,
				0E1A3E902BD4CF0C005CD025 /* Date+Extension.swift in Sources */,
				EB7110FA2BC8574A0078F796 /* CustomTextFields.swift in Sources */,
				EB3AB3532BC72A3A008B6F22 /* WaterTopContentView.swift in Sources */,
				0E940A6B2BC6FE0200144477 /* ReadySetApp.swift in Sources */,
				EB3AB36A2BC77B19008B6F22 /* ExerciseHealthWidgetView.swift in Sources */,
				EB3AB3482BC71204008B6F22 /* WaterTabItem.swift in Sources */,
				EBEEC7A72BD184160058BDFD /* GoalType.swift in Sources */,
				0E98616A2BCE971F00488D9E /* WaterChartView.swift in Sources */,
				EB4D9C5B2BCD85E60071BA99 /* EnergyAdditionWidgetView.swift in Sources */,
				EB4D9C592BCC8F420071BA99 /* WaterWave.swift in Sources */,
				EB4D9C502BCC73F60071BA99 /* ExerciseViewModel.swift in Sources */,
				EB4D9C752BCE00020071BA99 /* FitnessAlertButtonsView.swift in Sources */,
				EB3AB33C2BC70CF5008B6F22 /* HeaderView.swift in Sources */,
				EB3AB34A2BC7120C008B6F22 /* EnergyTabItem.swift in Sources */,
				EBEEC77B2BD0251F0058BDFD /* Exercise.swift in Sources */,
				EB3AB3682BC7798C008B6F22 /* ExerciseStepsWidgetView.swift in Sources */,
				EB4D9C4E2BCC73E90071BA99 /* ExerciseBottomContentView.swift in Sources */,
				EB3AB36C2BC77C3E008B6F22 /* ExerciseWeeklyStepsWidgetView.swift in Sources */,
				EB7110F42BC847610078F796 /* HealthPermissionView.swift in Sources */,
				EB4D9C622BCDABB20071BA99 /* EnergyHealthWidgetView.swift in Sources */,
			);
			runOnlyForDeploymentPostprocessing = 0;
		};
		EB1FDC1C2BD7053000253855 /* Sources */ = {
			isa = PBXSourcesBuildPhase;
			buildActionMask = 2147483647;
			files = (
				EB1FDC252BD7053000253855 /* MainWatchView.swift in Sources */,
				EB2BB0662BDB25A200C3DA78 /* WatchExerciseView.swift in Sources */,
				EB2BB0472BDAF66000C3DA78 /* MainWatchViewModel.swift in Sources */,
				EB2BB04C2BDB0DDD00C3DA78 /* OnboardingView.swift in Sources */,
				EB2BB04E2BDB1A0D00C3DA78 /* HomeView.swift in Sources */,
				EB1FDC512BD9A0DB00253855 /* EntryType.swift in Sources */,
				EB2BB0742BDDB26200C3DA78 /* SpeedometerGaugeStyle.swift in Sources */,
				EBF9DD692BDF0139009EA21A /* TabItemType.swift in Sources */,
				EBF9DD6A2BDF0139009EA21A /* ExerciseTabItem.swift in Sources */,
				EBF9DD6B2BDF0139009EA21A /* WaterTabItem.swift in Sources */,
				EBF9DD6C2BDF0139009EA21A /* EnergyTabItem.swift in Sources */,
				EBF9DD6D2BDF0139009EA21A /* SettingsTabITem.swift in Sources */,
				EBF9DD6E2BDF0139009EA21A /* ITabItem.swift in Sources */,
				EB2BB06A2BDB26C700C3DA78 /* WatchEnergyView.swift in Sources */,
				EB2BB0722BDD822C00C3DA78 /* GaugeView.swift in Sources */,
				EB2BB06E2BDB4C9D00C3DA78 /* CrownRotationAdditionView.swift in Sources */,
				EBF9DD702BDF0454009EA21A /* WatchTrackerView.swift in Sources */,
				EB2BB0442BDADDA000C3DA78 /* PhoneConnector.swift in Sources */,
				0E931E362BEF5BB70091AA03 /* RS+Bundle.swift in Sources */,
				EB2BB0682BDB263E00C3DA78 /* WatchWaterView.swift in Sources */,
				EB1FDC232BD7053000253855 /* ReadySetWatchApp.swift in Sources */,
				EB1FDC422BD7495100253855 /* Date+Extension.swift in Sources */,
			);
			runOnlyForDeploymentPostprocessing = 0;
		};
		EBF9DD2D2BDEE724009EA21A /* Sources */ = {
			isa = PBXSourcesBuildPhase;
			buildActionMask = 2147483647;
			files = (
				0E931E372BEF5BB80091AA03 /* RS+Bundle.swift in Sources */,
				EBF9DD4C2BDEEA9D009EA21A /* SimpleEntry.swift in Sources */,
				EBF9DD3A2BDEE724009EA21A /* ReadySetWaterWidget.swift in Sources */,
				EBF9DD662BDEF973009EA21A /* ReadySetEnergyWidgetView.swift in Sources */,
				EBF9DD4A2BDEEA84009EA21A /* WaterWidgetProvider.swift in Sources */,
				0E8407042BF24C8C0021787F /* Date+Extension.swift in Sources */,
				EBF9DD382BDEE724009EA21A /* ReadySetWidgetsBundle.swift in Sources */,
				EBF9DD5B2BDEF4B9009EA21A /* SpeedometerGaugeStyle.swift in Sources */,
				EBF9DD5D2BDEF4D1009EA21A /* SettingsTabITem.swift in Sources */,
				EBF9DD5E2BDEF4D1009EA21A /* WaterTabItem.swift in Sources */,
				EBF9DD5F2BDEF4D1009EA21A /* EnergyTabItem.swift in Sources */,
				EB0515712BEDC5EF005FE6F0 /* EntryType.swift in Sources */,
				EBF9DD602BDEF4D1009EA21A /* TabItemType.swift in Sources */,
				EB2AC0E62BFABC4F00E0F3EC /* Intents.swift in Sources */,
				EBF9DD612BDEF4D1009EA21A /* ITabItem.swift in Sources */,
				0E8407062BF2569E0021787F /* HealthBaseController.swift in Sources */,
				EBF9DD642BDEF96B009EA21A /* ReadySetEnergyWidget.swift in Sources */,
				EBF9DD622BDEF4D1009EA21A /* ExerciseTabItem.swift in Sources */,
				0E8407052BF24C9B0021787F /* WatchConnector.swift in Sources */,
				EBF9DD5C2BDEF4B9009EA21A /* GaugeView.swift in Sources */,
				EBF9DD682BDEFAA8009EA21A /* EnergyWidgetProvider.swift in Sources */,
				EBF9DD4E2BDEEABF009EA21A /* ReadySetWaterWidgetView.swift in Sources */,
				0E8407032BF24C7E0021787F /* HKHelper.swift in Sources */,
				EB05155E2BED9EC1005FE6F0 /* DataService.swift in Sources */,
				0E8407022BF24B680021787F /* WaterViewModel.swift in Sources */,
				0E8407012BF24B620021787F /* EnergyViewModel.swift in Sources */,
			);
			runOnlyForDeploymentPostprocessing = 0;
		};
/* End PBXSourcesBuildPhase section */

/* Begin PBXTargetDependency section */
		EB1FDC2C2BD7053200253855 /* PBXTargetDependency */ = {
			isa = PBXTargetDependency;
			target = EB1FDC1F2BD7053000253855 /* ReadySetWatch Watch App */;
			targetProxy = EB1FDC2B2BD7053200253855 /* PBXContainerItemProxy */;
		};
		EBF9DD402BDEE726009EA21A /* PBXTargetDependency */ = {
			isa = PBXTargetDependency;
			target = EBF9DD302BDEE724009EA21A /* ReadySetWidgetsExtension */;
			targetProxy = EBF9DD3F2BDEE726009EA21A /* PBXContainerItemProxy */;
		};
/* End PBXTargetDependency section */

/* Begin XCBuildConfiguration section */
		0E940A8E2BC6FE0400144477 /* Debug */ = {
			isa = XCBuildConfiguration;
			buildSettings = {
				ALWAYS_SEARCH_USER_PATHS = NO;
				ASSETCATALOG_COMPILER_GENERATE_SWIFT_ASSET_SYMBOL_EXTENSIONS = YES;
				CLANG_ANALYZER_NONNULL = YES;
				CLANG_ANALYZER_NUMBER_OBJECT_CONVERSION = YES_AGGRESSIVE;
				CLANG_CXX_LANGUAGE_STANDARD = "gnu++20";
				CLANG_ENABLE_MODULES = YES;
				CLANG_ENABLE_OBJC_ARC = YES;
				CLANG_ENABLE_OBJC_WEAK = YES;
				CLANG_WARN_BLOCK_CAPTURE_AUTORELEASING = YES;
				CLANG_WARN_BOOL_CONVERSION = YES;
				CLANG_WARN_COMMA = YES;
				CLANG_WARN_CONSTANT_CONVERSION = YES;
				CLANG_WARN_DEPRECATED_OBJC_IMPLEMENTATIONS = YES;
				CLANG_WARN_DIRECT_OBJC_ISA_USAGE = YES_ERROR;
				CLANG_WARN_DOCUMENTATION_COMMENTS = YES;
				CLANG_WARN_EMPTY_BODY = YES;
				CLANG_WARN_ENUM_CONVERSION = YES;
				CLANG_WARN_INFINITE_RECURSION = YES;
				CLANG_WARN_INT_CONVERSION = YES;
				CLANG_WARN_NON_LITERAL_NULL_CONVERSION = YES;
				CLANG_WARN_OBJC_IMPLICIT_RETAIN_SELF = YES;
				CLANG_WARN_OBJC_LITERAL_CONVERSION = YES;
				CLANG_WARN_OBJC_ROOT_CLASS = YES_ERROR;
				CLANG_WARN_QUOTED_INCLUDE_IN_FRAMEWORK_HEADER = YES;
				CLANG_WARN_RANGE_LOOP_ANALYSIS = YES;
				CLANG_WARN_STRICT_PROTOTYPES = YES;
				CLANG_WARN_SUSPICIOUS_MOVE = YES;
				CLANG_WARN_UNGUARDED_AVAILABILITY = YES_AGGRESSIVE;
				CLANG_WARN_UNREACHABLE_CODE = YES;
				CLANG_WARN__DUPLICATE_METHOD_MATCH = YES;
				COPY_PHASE_STRIP = NO;
				DEBUG_INFORMATION_FORMAT = dwarf;
				ENABLE_STRICT_OBJC_MSGSEND = YES;
				ENABLE_TESTABILITY = YES;
				ENABLE_USER_SCRIPT_SANDBOXING = YES;
				GCC_C_LANGUAGE_STANDARD = gnu17;
				GCC_DYNAMIC_NO_PIC = NO;
				GCC_NO_COMMON_BLOCKS = YES;
				GCC_OPTIMIZATION_LEVEL = 0;
				GCC_PREPROCESSOR_DEFINITIONS = (
					"DEBUG=1",
					"$(inherited)",
				);
				GCC_WARN_64_TO_32_BIT_CONVERSION = YES;
				GCC_WARN_ABOUT_RETURN_TYPE = YES_ERROR;
				GCC_WARN_UNDECLARED_SELECTOR = YES;
				GCC_WARN_UNINITIALIZED_AUTOS = YES_AGGRESSIVE;
				GCC_WARN_UNUSED_FUNCTION = YES;
				GCC_WARN_UNUSED_VARIABLE = YES;
				IPHONEOS_DEPLOYMENT_TARGET = 17.0;
				LOCALIZATION_PREFERS_STRING_CATALOGS = YES;
				MACOSX_DEPLOYMENT_TARGET = 14.0;
				MTL_ENABLE_DEBUG_INFO = INCLUDE_SOURCE;
				MTL_FAST_MATH = YES;
				ONLY_ACTIVE_ARCH = YES;
				SDKROOT = iphoneos;
				SWIFT_ACTIVE_COMPILATION_CONDITIONS = "DEBUG $(inherited)";
				SWIFT_OPTIMIZATION_LEVEL = "-Onone";
				WATCHOS_DEPLOYMENT_TARGET = 10.0;
			};
			name = Debug;
		};
		0E940A8F2BC6FE0400144477 /* Release */ = {
			isa = XCBuildConfiguration;
			buildSettings = {
				ALWAYS_SEARCH_USER_PATHS = NO;
				ASSETCATALOG_COMPILER_GENERATE_SWIFT_ASSET_SYMBOL_EXTENSIONS = YES;
				CLANG_ANALYZER_NONNULL = YES;
				CLANG_ANALYZER_NUMBER_OBJECT_CONVERSION = YES_AGGRESSIVE;
				CLANG_CXX_LANGUAGE_STANDARD = "gnu++20";
				CLANG_ENABLE_MODULES = YES;
				CLANG_ENABLE_OBJC_ARC = YES;
				CLANG_ENABLE_OBJC_WEAK = YES;
				CLANG_WARN_BLOCK_CAPTURE_AUTORELEASING = YES;
				CLANG_WARN_BOOL_CONVERSION = YES;
				CLANG_WARN_COMMA = YES;
				CLANG_WARN_CONSTANT_CONVERSION = YES;
				CLANG_WARN_DEPRECATED_OBJC_IMPLEMENTATIONS = YES;
				CLANG_WARN_DIRECT_OBJC_ISA_USAGE = YES_ERROR;
				CLANG_WARN_DOCUMENTATION_COMMENTS = YES;
				CLANG_WARN_EMPTY_BODY = YES;
				CLANG_WARN_ENUM_CONVERSION = YES;
				CLANG_WARN_INFINITE_RECURSION = YES;
				CLANG_WARN_INT_CONVERSION = YES;
				CLANG_WARN_NON_LITERAL_NULL_CONVERSION = YES;
				CLANG_WARN_OBJC_IMPLICIT_RETAIN_SELF = YES;
				CLANG_WARN_OBJC_LITERAL_CONVERSION = YES;
				CLANG_WARN_OBJC_ROOT_CLASS = YES_ERROR;
				CLANG_WARN_QUOTED_INCLUDE_IN_FRAMEWORK_HEADER = YES;
				CLANG_WARN_RANGE_LOOP_ANALYSIS = YES;
				CLANG_WARN_STRICT_PROTOTYPES = YES;
				CLANG_WARN_SUSPICIOUS_MOVE = YES;
				CLANG_WARN_UNGUARDED_AVAILABILITY = YES_AGGRESSIVE;
				CLANG_WARN_UNREACHABLE_CODE = YES;
				CLANG_WARN__DUPLICATE_METHOD_MATCH = YES;
				COPY_PHASE_STRIP = NO;
				DEBUG_INFORMATION_FORMAT = "dwarf-with-dsym";
				ENABLE_NS_ASSERTIONS = NO;
				ENABLE_STRICT_OBJC_MSGSEND = YES;
				ENABLE_USER_SCRIPT_SANDBOXING = YES;
				GCC_C_LANGUAGE_STANDARD = gnu17;
				GCC_NO_COMMON_BLOCKS = YES;
				GCC_WARN_64_TO_32_BIT_CONVERSION = YES;
				GCC_WARN_ABOUT_RETURN_TYPE = YES_ERROR;
				GCC_WARN_UNDECLARED_SELECTOR = YES;
				GCC_WARN_UNINITIALIZED_AUTOS = YES_AGGRESSIVE;
				GCC_WARN_UNUSED_FUNCTION = YES;
				GCC_WARN_UNUSED_VARIABLE = YES;
				IPHONEOS_DEPLOYMENT_TARGET = 17.0;
				LOCALIZATION_PREFERS_STRING_CATALOGS = YES;
				MACOSX_DEPLOYMENT_TARGET = 14.0;
				MTL_ENABLE_DEBUG_INFO = NO;
				MTL_FAST_MATH = YES;
				SDKROOT = iphoneos;
				SWIFT_COMPILATION_MODE = wholemodule;
				VALIDATE_PRODUCT = YES;
				WATCHOS_DEPLOYMENT_TARGET = 10.0;
			};
			name = Release;
		};
		0E940A912BC6FE0400144477 /* Debug */ = {
			isa = XCBuildConfiguration;
			baseConfigurationReference = 0E4A5E252BCC80E0003678C2 /* Build.xcconfig */;
			buildSettings = {
				ALWAYS_EMBED_SWIFT_STANDARD_LIBRARIES = YES;
				ASSETCATALOG_COMPILER_APPICON_NAME = AppIcon;
				ASSETCATALOG_COMPILER_GLOBAL_ACCENT_COLOR_NAME = AccentColor;
				CLANG_TIDY_BUGPRONE_REDUNDANT_BRANCH_CONDITION = YES;
				CLANG_TIDY_MISC_REDUNDANT_EXPRESSION = YES;
				CODE_SIGN_ENTITLEMENTS = ReadySet/ReadySet.entitlements;
				CODE_SIGN_STYLE = Automatic;
				CURRENT_PROJECT_VERSION = "$(CURRENT_PROJECT_VERSION)";
				DEVELOPMENT_ASSET_PATHS = "\"ReadySet/Preview Content\"";
				DEVELOPMENT_TEAM = "$(DEVELOPMENT_TEAM)";
				ENABLE_PREVIEWS = YES;
				GCC_WARN_UNUSED_LABEL = YES;
				GCC_WARN_UNUSED_PARAMETER = YES;
				GENERATE_INFOPLIST_FILE = YES;
				INFOPLIST_FILE = ReadySet/Info.plist;
				INFOPLIST_KEY_CFBundleDisplayName = "Ready, Set";
				INFOPLIST_KEY_LSApplicationCategoryType = "public.app-category.healthcare-fitness";
				INFOPLIST_KEY_NSHealthShareUsageDescription = "Ready, Set requires access to the listed health metrics to serve trends and tools to you. Without all of these, the app will nto work.";
				INFOPLIST_KEY_NSHealthUpdateUsageDescription = "Ready, Set requires access to the listed health metrics to serve trends and tools to you. Without all of these, the app will nto work.";
				INFOPLIST_KEY_UIApplicationSceneManifest_Generation = YES;
				INFOPLIST_KEY_UIApplicationSupportsIndirectInputEvents = YES;
				INFOPLIST_KEY_UILaunchScreen_Generation = YES;
				INFOPLIST_KEY_UILaunchStoryboardName = "Launch Screen.storyboard";
				INFOPLIST_KEY_UISupportedInterfaceOrientations = UIInterfaceOrientationPortrait;
				INFOPLIST_KEY_UISupportedInterfaceOrientations_iPad = "UIInterfaceOrientationLandscapeLeft UIInterfaceOrientationLandscapeRight UIInterfaceOrientationPortrait UIInterfaceOrientationPortraitUpsideDown";
				IPHONEOS_DEPLOYMENT_TARGET = 17.0;
				LD_RUNPATH_SEARCH_PATHS = (
					"$(inherited)",
					"@executable_path/Frameworks",
				);
				MARKETING_VERSION = "$(MARKETING_VERSION)";
				PRODUCT_BUNDLE_IDENTIFIER = "$(PRODUCT_BUNDLE_IDENTIFIER)";
				PRODUCT_NAME = "$(PRODUCT_NAME)";
				SUPPORTED_PLATFORMS = "iphoneos iphonesimulator";
				SUPPORTS_MACCATALYST = NO;
				SUPPORTS_MAC_DESIGNED_FOR_IPHONE_IPAD = NO;
				SUPPORTS_XR_DESIGNED_FOR_IPHONE_IPAD = NO;
				SWIFT_EMIT_LOC_STRINGS = YES;
				SWIFT_VERSION = 5.0;
				TARGETED_DEVICE_FAMILY = 1;
			};
			name = Debug;
		};
		0E940A922BC6FE0400144477 /* Release */ = {
			isa = XCBuildConfiguration;
			baseConfigurationReference = 0E4A5E252BCC80E0003678C2 /* Build.xcconfig */;
			buildSettings = {
				ALWAYS_EMBED_SWIFT_STANDARD_LIBRARIES = YES;
				ASSETCATALOG_COMPILER_APPICON_NAME = AppIcon;
				ASSETCATALOG_COMPILER_GLOBAL_ACCENT_COLOR_NAME = AccentColor;
				CLANG_TIDY_BUGPRONE_REDUNDANT_BRANCH_CONDITION = YES;
				CLANG_TIDY_MISC_REDUNDANT_EXPRESSION = YES;
				CODE_SIGN_ENTITLEMENTS = ReadySet/ReadySet.entitlements;
				CODE_SIGN_STYLE = Automatic;
				CURRENT_PROJECT_VERSION = "$(CURRENT_PROJECT_VERSION)";
				DEVELOPMENT_ASSET_PATHS = "\"ReadySet/Preview Content\"";
				DEVELOPMENT_TEAM = "$(DEVELOPMENT_TEAM)";
				ENABLE_PREVIEWS = YES;
				GCC_WARN_UNUSED_LABEL = YES;
				GCC_WARN_UNUSED_PARAMETER = YES;
				GENERATE_INFOPLIST_FILE = YES;
				INFOPLIST_FILE = ReadySet/Info.plist;
				INFOPLIST_KEY_CFBundleDisplayName = "Ready, Set";
				INFOPLIST_KEY_LSApplicationCategoryType = "public.app-category.healthcare-fitness";
				INFOPLIST_KEY_NSHealthShareUsageDescription = "Ready, Set requires access to the listed health metrics to serve trends and tools to you. Without all of these, the app will nto work.";
				INFOPLIST_KEY_NSHealthUpdateUsageDescription = "Ready, Set requires access to the listed health metrics to serve trends and tools to you. Without all of these, the app will nto work.";
				INFOPLIST_KEY_UIApplicationSceneManifest_Generation = YES;
				INFOPLIST_KEY_UIApplicationSupportsIndirectInputEvents = YES;
				INFOPLIST_KEY_UILaunchScreen_Generation = YES;
				INFOPLIST_KEY_UILaunchStoryboardName = "Launch Screen.storyboard";
				INFOPLIST_KEY_UISupportedInterfaceOrientations = UIInterfaceOrientationPortrait;
				INFOPLIST_KEY_UISupportedInterfaceOrientations_iPad = "UIInterfaceOrientationLandscapeLeft UIInterfaceOrientationLandscapeRight UIInterfaceOrientationPortrait UIInterfaceOrientationPortraitUpsideDown";
				IPHONEOS_DEPLOYMENT_TARGET = 17.0;
				LD_RUNPATH_SEARCH_PATHS = (
					"$(inherited)",
					"@executable_path/Frameworks",
				);
				MARKETING_VERSION = "$(MARKETING_VERSION)";
				PRODUCT_BUNDLE_IDENTIFIER = "$(PRODUCT_BUNDLE_IDENTIFIER)";
				PRODUCT_NAME = "$(PRODUCT_NAME)";
				SUPPORTED_PLATFORMS = "iphoneos iphonesimulator";
				SUPPORTS_MACCATALYST = NO;
				SUPPORTS_MAC_DESIGNED_FOR_IPHONE_IPAD = NO;
				SUPPORTS_XR_DESIGNED_FOR_IPHONE_IPAD = NO;
				SWIFT_EMIT_LOC_STRINGS = YES;
				SWIFT_VERSION = 5.0;
				TARGETED_DEVICE_FAMILY = 1;
			};
			name = Release;
		};
		EB1FDC2F2BD7053200253855 /* Debug */ = {
			isa = XCBuildConfiguration;
			baseConfigurationReference = 0E4A5E252BCC80E0003678C2 /* Build.xcconfig */;
			buildSettings = {
				ASSETCATALOG_COMPILER_APPICON_NAME = AppIcon;
				ASSETCATALOG_COMPILER_GLOBAL_ACCENT_COLOR_NAME = AccentColor;
				CLANG_TIDY_BUGPRONE_REDUNDANT_BRANCH_CONDITION = YES;
				CLANG_TIDY_MISC_REDUNDANT_EXPRESSION = YES;
				CODE_SIGN_ENTITLEMENTS = "ReadySetWatch Watch App/ReadySetWatch Watch App.entitlements";
				CODE_SIGN_IDENTITY = "$(CODE_SIGN_IDENTITY_IOS)";
				CODE_SIGN_STYLE = Automatic;
				CURRENT_PROJECT_VERSION = "$(CURRENT_PROJECT_VERSION)";
				DEVELOPMENT_ASSET_PATHS = "\"ReadySetWatch Watch App/Preview Content\"";
				DEVELOPMENT_TEAM = "$(DEVELOPMENT_TEAM)";
				ENABLE_PREVIEWS = YES;
				GCC_WARN_UNUSED_LABEL = YES;
				GCC_WARN_UNUSED_PARAMETER = YES;
				GENERATE_INFOPLIST_FILE = YES;
				INFOPLIST_FILE = "ReadySetWatch Watch App/ReadySetWatch-Watch-App-Info.plist";
				INFOPLIST_KEY_LSApplicationCategoryType = "$(MARKETING_VERSION)";
				INFOPLIST_KEY_UISupportedInterfaceOrientations = "UIInterfaceOrientationPortrait UIInterfaceOrientationPortraitUpsideDown";
				INFOPLIST_KEY_WKCompanionAppBundleIdentifier = nickmolargik.ReadySet;
				LD_RUNPATH_SEARCH_PATHS = (
					"$(inherited)",
					"@executable_path/Frameworks",
				);
				MARKETING_VERSION = "$(MARKETING_VERSION)";
				PRODUCT_BUNDLE_IDENTIFIER = "$(PRODUCT_BUNDLE_IDENTIFIER_WATCH)";
				PRODUCT_NAME = "$(WATCH_PRODUCT_NAME)";
				SDKROOT = watchos;
				SKIP_INSTALL = YES;
				SWIFT_EMIT_LOC_STRINGS = YES;
				SWIFT_VERSION = 5.0;
				TARGETED_DEVICE_FAMILY = 4;
				WATCHOS_DEPLOYMENT_TARGET = 10.0;
			};
			name = Debug;
		};
		EB1FDC302BD7053200253855 /* Release */ = {
			isa = XCBuildConfiguration;
			baseConfigurationReference = 0E4A5E252BCC80E0003678C2 /* Build.xcconfig */;
			buildSettings = {
				ASSETCATALOG_COMPILER_APPICON_NAME = AppIcon;
				ASSETCATALOG_COMPILER_GLOBAL_ACCENT_COLOR_NAME = AccentColor;
				CLANG_TIDY_BUGPRONE_REDUNDANT_BRANCH_CONDITION = YES;
				CLANG_TIDY_MISC_REDUNDANT_EXPRESSION = YES;
				CODE_SIGN_ENTITLEMENTS = "ReadySetWatch Watch App/ReadySetWatch Watch App.entitlements";
				CODE_SIGN_IDENTITY = "$(CODE_SIGN_IDENTITY_IOS)";
				CODE_SIGN_STYLE = Automatic;
				CURRENT_PROJECT_VERSION = "$(CURRENT_PROJECT_VERSION)";
				DEVELOPMENT_ASSET_PATHS = "\"ReadySetWatch Watch App/Preview Content\"";
				DEVELOPMENT_TEAM = "$(DEVELOPMENT_TEAM)";
				ENABLE_PREVIEWS = YES;
				GCC_WARN_UNUSED_LABEL = YES;
				GCC_WARN_UNUSED_PARAMETER = YES;
				GENERATE_INFOPLIST_FILE = YES;
				INFOPLIST_FILE = "ReadySetWatch Watch App/ReadySetWatch-Watch-App-Info.plist";
				INFOPLIST_KEY_LSApplicationCategoryType = "$(MARKETING_VERSION)";
				INFOPLIST_KEY_UISupportedInterfaceOrientations = "UIInterfaceOrientationPortrait UIInterfaceOrientationPortraitUpsideDown";
				INFOPLIST_KEY_WKCompanionAppBundleIdentifier = nickmolargik.ReadySet;
				LD_RUNPATH_SEARCH_PATHS = (
					"$(inherited)",
					"@executable_path/Frameworks",
				);
				MARKETING_VERSION = "$(MARKETING_VERSION)";
				PRODUCT_BUNDLE_IDENTIFIER = "$(PRODUCT_BUNDLE_IDENTIFIER_WATCH)";
				PRODUCT_NAME = "$(WATCH_PRODUCT_NAME)";
				SDKROOT = watchos;
				SKIP_INSTALL = YES;
				SWIFT_EMIT_LOC_STRINGS = YES;
				SWIFT_VERSION = 5.0;
				TARGETED_DEVICE_FAMILY = 4;
				WATCHOS_DEPLOYMENT_TARGET = 10.0;
			};
			name = Release;
		};
		EBF9DD432BDEE726009EA21A /* Debug */ = {
			isa = XCBuildConfiguration;
			baseConfigurationReference = 0E4A5E252BCC80E0003678C2 /* Build.xcconfig */;
			buildSettings = {
				ASSETCATALOG_COMPILER_GLOBAL_ACCENT_COLOR_NAME = AccentColor;
				ASSETCATALOG_COMPILER_WIDGET_BACKGROUND_COLOR_NAME = WidgetBackground;
				CLANG_TIDY_BUGPRONE_REDUNDANT_BRANCH_CONDITION = YES;
				CLANG_TIDY_MISC_REDUNDANT_EXPRESSION = YES;
				CODE_SIGN_ENTITLEMENTS = ReadySetWidgets/ReadySetWidgets.entitlements;
				CODE_SIGN_IDENTITY = "$(CODE_SIGN_IDENTITY_IOS)";
				CODE_SIGN_STYLE = Automatic;
				CURRENT_PROJECT_VERSION = 1;
				DEAD_CODE_STRIPPING = YES;
				DEVELOPMENT_TEAM = "$(DEVELOPMENT_TEAM)";
				ENABLE_HARDENED_RUNTIME = NO;
				"ENABLE_HARDENED_RUNTIME[sdk=macosx*]" = YES;
				GCC_WARN_UNUSED_LABEL = YES;
				GCC_WARN_UNUSED_PARAMETER = YES;
				GENERATE_INFOPLIST_FILE = YES;
				INFOPLIST_FILE = ReadySetWidgets/Info.plist;
				INFOPLIST_KEY_CFBundleDisplayName = ReadySetWidgets;
				INFOPLIST_KEY_LSApplicationCategoryType = "";
				INFOPLIST_KEY_NSHumanReadableCopyright = "";
				IPHONEOS_DEPLOYMENT_TARGET = 17.0;
				LD_RUNPATH_SEARCH_PATHS = (
					"$(inherited)",
					"@executable_path/Frameworks",
					"@executable_path/../../Frameworks",
				);
				"LD_RUNPATH_SEARCH_PATHS[sdk=macosx*]" = (
					"$(inherited)",
					"@executable_path/../Frameworks",
					"@executable_path/../../../../Frameworks",
				);
				MACOSX_DEPLOYMENT_TARGET = 14.0;
				MARKETING_VERSION = 1.2;
				PRODUCT_BUNDLE_IDENTIFIER = "$(PRODUCT_BUNDLE_IDENTIFIER_WIDGETS)";
				PRODUCT_NAME = "$(WIDGET_PRODUCT_NAME)";
				SDKROOT = auto;
				SKIP_INSTALL = YES;
				SUPPORTED_PLATFORMS = "iphoneos iphonesimulator macosx";
				SWIFT_EMIT_LOC_STRINGS = YES;
				SWIFT_VERSION = 5.0;
				TARGETED_DEVICE_FAMILY = "1,2";
			};
			name = Debug;
		};
		EBF9DD442BDEE726009EA21A /* Release */ = {
			isa = XCBuildConfiguration;
			baseConfigurationReference = 0E4A5E252BCC80E0003678C2 /* Build.xcconfig */;
			buildSettings = {
				ASSETCATALOG_COMPILER_GLOBAL_ACCENT_COLOR_NAME = AccentColor;
				ASSETCATALOG_COMPILER_WIDGET_BACKGROUND_COLOR_NAME = WidgetBackground;
				CLANG_TIDY_BUGPRONE_REDUNDANT_BRANCH_CONDITION = YES;
				CLANG_TIDY_MISC_REDUNDANT_EXPRESSION = YES;
				CODE_SIGN_ENTITLEMENTS = ReadySetWidgets/ReadySetWidgets.entitlements;
				CODE_SIGN_IDENTITY = "$(CODE_SIGN_IDENTITY_IOS)";
				CODE_SIGN_STYLE = Automatic;
				CURRENT_PROJECT_VERSION = 1;
				DEAD_CODE_STRIPPING = YES;
				DEVELOPMENT_TEAM = "$(DEVELOPMENT_TEAM)";
				ENABLE_HARDENED_RUNTIME = NO;
				"ENABLE_HARDENED_RUNTIME[sdk=macosx*]" = YES;
				GCC_WARN_UNUSED_LABEL = YES;
				GCC_WARN_UNUSED_PARAMETER = YES;
				GENERATE_INFOPLIST_FILE = YES;
				INFOPLIST_FILE = ReadySetWidgets/Info.plist;
				INFOPLIST_KEY_CFBundleDisplayName = ReadySetWidgets;
				INFOPLIST_KEY_LSApplicationCategoryType = "";
				INFOPLIST_KEY_NSHumanReadableCopyright = "";
				IPHONEOS_DEPLOYMENT_TARGET = 17.0;
				LD_RUNPATH_SEARCH_PATHS = (
					"$(inherited)",
					"@executable_path/Frameworks",
					"@executable_path/../../Frameworks",
				);
				"LD_RUNPATH_SEARCH_PATHS[sdk=macosx*]" = (
					"$(inherited)",
					"@executable_path/../Frameworks",
					"@executable_path/../../../../Frameworks",
				);
				MACOSX_DEPLOYMENT_TARGET = 14.0;
				MARKETING_VERSION = 1.2;
				PRODUCT_BUNDLE_IDENTIFIER = "$(PRODUCT_BUNDLE_IDENTIFIER_WIDGETS)";
				PRODUCT_NAME = "$(WIDGET_PRODUCT_NAME)";
				SDKROOT = auto;
				SKIP_INSTALL = YES;
				SUPPORTED_PLATFORMS = "iphoneos iphonesimulator macosx";
				SWIFT_EMIT_LOC_STRINGS = YES;
				SWIFT_VERSION = 5.0;
				TARGETED_DEVICE_FAMILY = "1,2";
			};
			name = Release;
		};
/* End XCBuildConfiguration section */

/* Begin XCConfigurationList section */
		0E940A622BC6FE0200144477 /* Build configuration list for PBXProject "ReadySet" */ = {
			isa = XCConfigurationList;
			buildConfigurations = (
				0E940A8E2BC6FE0400144477 /* Debug */,
				0E940A8F2BC6FE0400144477 /* Release */,
			);
			defaultConfigurationIsVisible = 0;
			defaultConfigurationName = Release;
		};
		0E940A902BC6FE0400144477 /* Build configuration list for PBXNativeTarget "ReadySet" */ = {
			isa = XCConfigurationList;
			buildConfigurations = (
				0E940A912BC6FE0400144477 /* Debug */,
				0E940A922BC6FE0400144477 /* Release */,
			);
			defaultConfigurationIsVisible = 0;
			defaultConfigurationName = Release;
		};
		EB1FDC2E2BD7053200253855 /* Build configuration list for PBXNativeTarget "ReadySetWatch Watch App" */ = {
			isa = XCConfigurationList;
			buildConfigurations = (
				EB1FDC2F2BD7053200253855 /* Debug */,
				EB1FDC302BD7053200253855 /* Release */,
			);
			defaultConfigurationIsVisible = 0;
			defaultConfigurationName = Release;
		};
		EBF9DD422BDEE726009EA21A /* Build configuration list for PBXNativeTarget "ReadySetWidgetsExtension" */ = {
			isa = XCConfigurationList;
			buildConfigurations = (
				EBF9DD432BDEE726009EA21A /* Debug */,
				EBF9DD442BDEE726009EA21A /* Release */,
			);
			defaultConfigurationIsVisible = 0;
			defaultConfigurationName = Release;
		};
/* End XCConfigurationList section */

/* Begin XCRemoteSwiftPackageReference section */
		EB1FDC152BD6B99300253855 /* XCRemoteSwiftPackageReference "SwiftUI-Flow" */ = {
			isa = XCRemoteSwiftPackageReference;
			repositoryURL = "https://github.com/tevelee/SwiftUI-Flow.git";
			requirement = {
				kind = upToNextMajorVersion;
				minimumVersion = 1.2.0;
			};
		};
/* End XCRemoteSwiftPackageReference section */

/* Begin XCSwiftPackageProductDependency section */
		EB2BB06F2BDD6B2200C3DA78 /* Flow */ = {
			isa = XCSwiftPackageProductDependency;
			package = EB1FDC152BD6B99300253855 /* XCRemoteSwiftPackageReference "SwiftUI-Flow" */;
			productName = Flow;
		};
/* End XCSwiftPackageProductDependency section */
	};
	rootObject = 0E940A5F2BC6FE0200144477 /* Project object */;
}
